{
  "version": 4,
  "terraform_version": "1.5.5",
  "serial": 78,
  "lineage": "69a5a0f3-ff5d-deb6-887a-d18d9bbcf343",
  "outputs": {
    "cluster_endpoint": {
      "value": "https://974A282E490833EF62E329D1AC8E93C4.sk1.ap-south-1.eks.amazonaws.com",
      "type": "string"
    },
    "db_instance_endpoint": {
      "value": "mukta-prod-db.csju60oewij7.ap-south-1.rds.amazonaws.com:5432",
      "type": "string"
    },
    "db_instance_name": {
      "value": "mukta_prod_db",
      "type": "string"
    },
    "db_instance_port": {
      "value": 5432,
      "type": "number"
    },
    "db_instance_username": {
      "value": "muktaprod",
      "type": "string",
      "sensitive": true
    },
    "es_data_infra_volume_ids": {
      "value": [
        "vol-0991da4a5283cd50f",
        "vol-0ecf798d8b5273240",
        "vol-04a069641acfa9d9f"
      ],
      "type": [
        "tuple",
        [
          "string",
          "string",
          "string"
        ]
      ]
    },
    "es_data_volume_ids": {
      "value": [
        "vol-0113c7c46923efba5",
        "vol-01800d0b56eb1af7b",
        "vol-05d808e2c25e2aa0b"
      ],
      "type": [
        "tuple",
        [
          "string",
          "string",
          "string"
        ]
      ]
    },
    "es_master_infra_volume_ids": {
      "value": [
        "vol-0c46551b5ed7ee04e",
        "vol-0b603fde076e6d054",
        "vol-03d9a8c7ee8c54fa2"
      ],
      "type": [
        "tuple",
        [
          "string",
          "string",
          "string"
        ]
      ]
    },
    "es_master_volume_ids": {
      "value": [
        "vol-0fcf54b64c89a5eae",
        "vol-055f04e203dec7c7a",
        "vol-0291f0eb079dbf18c"
      ],
      "type": [
        "tuple",
        [
          "string",
          "string",
          "string"
        ]
      ]
    },
    "kafka_infra_vol_ids": {
      "value": [
        "vol-0f54c40bd3d691260",
        "vol-0a277b69c0614e3c0",
        "vol-07f8dbd76f16091de"
      ],
      "type": [
        "tuple",
        [
          "string",
          "string",
          "string"
        ]
      ]
    },
    "kafka_vol_ids": {
      "value": [
        "vol-0d58135610e51e936",
        "vol-0c02e4ddb81ecb841",
        "vol-046adb00b753f9035"
      ],
      "type": [
        "tuple",
        [
          "string",
          "string",
          "string"
        ]
      ]
    },
    "kubectl_config": {
      "value": "apiVersion: v1\npreferences: {}\nkind: Config\n\nclusters:\n- cluster:\n    server: https://974A282E490833EF62E329D1AC8E93C4.sk1.ap-south-1.eks.amazonaws.com\n    certificate-authority-data: LS0tLS1CRUdJTiBDRVJUSUZJQ0FURS0tLS0tCk1JSUMvakNDQWVhZ0F3SUJBZ0lCQURBTkJna3Foa2lHOXcwQkFRc0ZBREFWTVJNd0VRWURWUVFERXdwcmRXSmwKY201bGRHVnpNQjRYRFRJek1EVXhOakV3TURBd09Gb1hEVE16TURVeE16RXdNREF3T0Zvd0ZURVRNQkVHQTFVRQpBeE1LYTNWaVpYSnVaWFJsY3pDQ0FTSXdEUVlKS29aSWh2Y05BUUVCQlFBRGdnRVBBRENDQVFvQ2dnRUJBTVNECklFRHV1VnFhWFcyQlpKVFNHTTJqSUlWSktWTSs1RndXQ3IzeElibkxsWjArc0d3SmpnYlVZVy9ES1ZaSHVkYTAKZjB5Z1RtNVBzVWNEelBpNXNGOERkeVFSRlA5TmUydFpxaW5DZTV2Qm03QXp0ZEs3UzhhU21BSE9LNWZRbkozZgp4NFl6UWNQd1VSNkpkdWlIL1N4UE1vRXZQR0JIb00yWG5panRhaWdJTXV0YktNaGV2QWw3enU1RGJTcDQyOHIwCjNQQ0ZneU0yeHRVdWY2M0hYL0piRXBOTE9Kc3VKREhGWjZzejNwVTBIUnRqNVZxa1BxbEJsZDRISngyWDJXdmQKU05qdFd1a2c5aGNNcnQzM2pLdnZQQnptN1Z2UTJFa0Y2MlF5M081WHg5YVEyTTdpcDlPVjBISW5SY293alhTcApsQjR2UUpueUg2cDZUakxWcU9zQ0F3RUFBYU5aTUZjd0RnWURWUjBQQVFIL0JBUURBZ0trTUE4R0ExVWRFd0VCCi93UUZNQU1CQWY4d0hRWURWUjBPQkJZRUZPS0R5WEgwUjFFL3gybWN5L0pSN1dQSlQ2UkVNQlVHQTFVZEVRUU8KTUF5Q0NtdDFZbVZ5Ym1WMFpYTXdEUVlKS29aSWh2Y05BUUVMQlFBRGdnRUJBR2FrVXdEQ0dHUzdOdmphWGlRVQpuZ0h2anNnS1NzaytTYysvMEFYQTl6S2wvQitqNzBpKzB4TkdoTDg0MTM5T09Mbjlidndnak9rcFpIc2xtem5NCkx5M0ZjVHJXUVNCWldUUUx4UCtzeEYvZVJHZEV1cFF2d3JCQUdRNUlYWUVHUXdCRUVINklTK0l0QTRKYll4VmYKclpTcGZWQ20rb1hKc0VreGJ5VUJBbzFJMFNRajVSYzdSaTVqd2xoRmtNQXNOMUtXZ0dEN05BUThjLzJ2MlduWApieHl6NWdTM0FZWW9nTEEwREFTaU5najVyeHhIV0hEaEZPZHBMYlJaKzZqQmlQQ0VjQjhYaVRhZGlLcUh0S01ICnowV2hkUDFBbXdtbTAzcUVjQWErUFlNWmhEWnpXbVBYMi9Ra1RPU2pwM3ZWejZMOFJrbWpUTDlzb1lBNmJLZVcKTXFjPQotLS0tLUVORCBDRVJUSUZJQ0FURS0tLS0tCg==\n  name: eks_mukta-prod\n\ncontexts:\n- context:\n    cluster: eks_mukta-prod\n    user: eks_mukta-prod\n  name: eks_mukta-prod\n\ncurrent-context: eks_mukta-prod\n\nusers:\n- name: eks_mukta-prod\n  user:\n    exec:\n      apiVersion: client.authentication.k8s.io/v1alpha1\n      command: aws-iam-authenticator\n      args:\n        - \"token\"\n        - \"-i\"\n        - \"mukta-prod\"\n",
      "type": "string"
    },
    "private_subnets": {
      "value": [
        "subnet-0d7a256db7af02bc4",
        "subnet-09f84e5c8a3444a51"
      ],
      "type": [
        "tuple",
        [
          "string",
          "string"
        ]
      ]
    },
    "public_subnets": {
      "value": [
        "subnet-0616bba7f62d0efcc",
        "subnet-09ed2b055f1b1e1cd"
      ],
      "type": [
        "tuple",
        [
          "string",
          "string"
        ]
      ]
    },
    "vpc_id": {
      "value": "vpc-056c212de6b11b990",
      "type": "string"
    },
    "zookeeper_volume_ids": {
      "value": [
        "vol-0de0c3c8eac8f125c",
        "vol-0f7d8ba108c7a6da6",
        "vol-0f65f11c53521f38a"
      ],
      "type": [
        "tuple",
        [
          "string",
          "string",
          "string"
        ]
      ]
    }
  },
  "resources": [
    {
      "mode": "data",
      "type": "aws_availability_zones",
      "name": "available",
      "provider": "provider[\"registry.terraform.io/hashicorp/aws\"]",
      "instances": [
        {
          "schema_version": 0,
          "attributes": {
            "all_availability_zones": null,
            "exclude_names": null,
            "exclude_zone_ids": null,
            "filter": null,
            "group_names": [
              "ap-south-1"
            ],
            "id": "ap-south-1",
            "names": [
              "ap-south-1a",
              "ap-south-1b",
              "ap-south-1c"
            ],
            "state": null,
            "timeouts": null,
            "zone_ids": [
              "aps1-az1",
              "aps1-az3",
              "aps1-az2"
            ]
          },
          "sensitive_attributes": []
        }
      ]
    },
    {
      "mode": "data",
      "type": "aws_eks_cluster",
      "name": "cluster",
      "provider": "provider[\"registry.terraform.io/hashicorp/aws\"]",
      "instances": [
        {
          "schema_version": 0,
          "attributes": {
            "arn": "arn:aws:eks:ap-south-1:611316314659:cluster/mukta-prod",
            "certificate_authority": [
              {
                "data": "LS0tLS1CRUdJTiBDRVJUSUZJQ0FURS0tLS0tCk1JSUMvakNDQWVhZ0F3SUJBZ0lCQURBTkJna3Foa2lHOXcwQkFRc0ZBREFWTVJNd0VRWURWUVFERXdwcmRXSmwKY201bGRHVnpNQjRYRFRJek1EVXhOakV3TURBd09Gb1hEVE16TURVeE16RXdNREF3T0Zvd0ZURVRNQkVHQTFVRQpBeE1LYTNWaVpYSnVaWFJsY3pDQ0FTSXdEUVlKS29aSWh2Y05BUUVCQlFBRGdnRVBBRENDQVFvQ2dnRUJBTVNECklFRHV1VnFhWFcyQlpKVFNHTTJqSUlWSktWTSs1RndXQ3IzeElibkxsWjArc0d3SmpnYlVZVy9ES1ZaSHVkYTAKZjB5Z1RtNVBzVWNEelBpNXNGOERkeVFSRlA5TmUydFpxaW5DZTV2Qm03QXp0ZEs3UzhhU21BSE9LNWZRbkozZgp4NFl6UWNQd1VSNkpkdWlIL1N4UE1vRXZQR0JIb00yWG5panRhaWdJTXV0YktNaGV2QWw3enU1RGJTcDQyOHIwCjNQQ0ZneU0yeHRVdWY2M0hYL0piRXBOTE9Kc3VKREhGWjZzejNwVTBIUnRqNVZxa1BxbEJsZDRISngyWDJXdmQKU05qdFd1a2c5aGNNcnQzM2pLdnZQQnptN1Z2UTJFa0Y2MlF5M081WHg5YVEyTTdpcDlPVjBISW5SY293alhTcApsQjR2UUpueUg2cDZUakxWcU9zQ0F3RUFBYU5aTUZjd0RnWURWUjBQQVFIL0JBUURBZ0trTUE4R0ExVWRFd0VCCi93UUZNQU1CQWY4d0hRWURWUjBPQkJZRUZPS0R5WEgwUjFFL3gybWN5L0pSN1dQSlQ2UkVNQlVHQTFVZEVRUU8KTUF5Q0NtdDFZbVZ5Ym1WMFpYTXdEUVlKS29aSWh2Y05BUUVMQlFBRGdnRUJBR2FrVXdEQ0dHUzdOdmphWGlRVQpuZ0h2anNnS1NzaytTYysvMEFYQTl6S2wvQitqNzBpKzB4TkdoTDg0MTM5T09Mbjlidndnak9rcFpIc2xtem5NCkx5M0ZjVHJXUVNCWldUUUx4UCtzeEYvZVJHZEV1cFF2d3JCQUdRNUlYWUVHUXdCRUVINklTK0l0QTRKYll4VmYKclpTcGZWQ20rb1hKc0VreGJ5VUJBbzFJMFNRajVSYzdSaTVqd2xoRmtNQXNOMUtXZ0dEN05BUThjLzJ2MlduWApieHl6NWdTM0FZWW9nTEEwREFTaU5najVyeHhIV0hEaEZPZHBMYlJaKzZqQmlQQ0VjQjhYaVRhZGlLcUh0S01ICnowV2hkUDFBbXdtbTAzcUVjQWErUFlNWmhEWnpXbVBYMi9Ra1RPU2pwM3ZWejZMOFJrbWpUTDlzb1lBNmJLZVcKTXFjPQotLS0tLUVORCBDRVJUSUZJQ0FURS0tLS0tCg=="
              }
            ],
            "cluster_id": null,
            "created_at": "2023-05-16 09:55:21.977 +0000 UTC",
            "enabled_cluster_log_types": [],
            "endpoint": "https://974A282E490833EF62E329D1AC8E93C4.sk1.ap-south-1.eks.amazonaws.com",
            "id": "mukta-prod",
            "identity": [
              {
                "oidc": [
                  {
                    "issuer": "https://oidc.eks.ap-south-1.amazonaws.com/id/974A282E490833EF62E329D1AC8E93C4"
                  }
                ]
              }
            ],
            "kubernetes_network_config": [
              {
                "ip_family": "ipv4",
                "service_ipv4_cidr": "10.100.0.0/16",
                "service_ipv6_cidr": ""
              }
            ],
            "name": "mukta-prod",
            "outpost_config": [],
            "platform_version": "eks.12",
            "role_arn": "arn:aws:iam::611316314659:role/mukta-prod20230516095441974700000012",
            "status": "ACTIVE",
            "tags": {
              "KubernetesCluster": "mukta-prod",
              "kubernetes.io/cluster/mukta-prod": "owned"
            },
            "version": "1.22",
            "vpc_config": [
              {
                "cluster_security_group_id": "sg-0e65e23dea8ab0e8d",
                "endpoint_private_access": false,
                "endpoint_public_access": true,
                "public_access_cidrs": [
                  "0.0.0.0/0"
                ],
                "security_group_ids": [
                  "sg-04ba378b8a5dc1c9a"
                ],
                "subnet_ids": [
                  "subnet-0616bba7f62d0efcc",
                  "subnet-09ed2b055f1b1e1cd",
                  "subnet-09f84e5c8a3444a51",
                  "subnet-0d7a256db7af02bc4"
                ],
                "vpc_id": "vpc-056c212de6b11b990"
              }
            ]
          },
          "sensitive_attributes": []
        }
      ]
    },
    {
      "mode": "data",
      "type": "aws_eks_cluster_auth",
      "name": "cluster",
      "provider": "provider[\"registry.terraform.io/hashicorp/aws\"]",
      "instances": [
        {
          "schema_version": 0,
          "attributes": {
            "id": "mukta-prod",
            "name": "mukta-prod",
            "token": "k8s-aws-v1.aHR0cHM6Ly9zdHMuYW1hem9uYXdzLmNvbS8_QWN0aW9uPUdldENhbGxlcklkZW50aXR5JlZlcnNpb249MjAxMS0wNi0xNSZYLUFtei1BbGdvcml0aG09QVdTNC1ITUFDLVNIQTI1NiZYLUFtei1DcmVkZW50aWFsPUFLSUFZNFZLS1dJUjRERkpMM0ZNJTJGMjAyMzA1MTYlMkZ1cy1lYXN0LTElMkZzdHMlMkZhd3M0X3JlcXVlc3QmWC1BbXotRGF0ZT0yMDIzMDUxNlQxMDEwMThaJlgtQW16LUV4cGlyZXM9MCZYLUFtei1TaWduZWRIZWFkZXJzPWhvc3QlM0J4LWs4cy1hd3MtaWQmWC1BbXotU2lnbmF0dXJlPWYwNjliY2ZiZTM3MGI3ZjY5YjA0ZGMzMDUxZmQ0ZDNkYzdhNDIwZjM5OWFjMTgzNzAwM2QxZTEwZWMxODcxODc"
          },
          "sensitive_attributes": []
        }
      ]
    },
    {
      "mode": "data",
      "type": "aws_region",
      "name": "current",
      "provider": "provider[\"registry.terraform.io/hashicorp/aws\"]",
      "instances": [
        {
          "schema_version": 0,
          "attributes": {
            "description": "Asia Pacific (Mumbai)",
            "endpoint": "ec2.ap-south-1.amazonaws.com",
            "id": "ap-south-1",
            "name": "ap-south-1"
          },
          "sensitive_attributes": []
        }
      ]
    },
    {
      "mode": "managed",
      "type": "aws_security_group_rule",
      "name": "rds_db_ingress_workers",
      "provider": "provider[\"registry.terraform.io/hashicorp/aws\"]",
      "instances": [
        {
          "schema_version": 2,
          "attributes": {
            "cidr_blocks": null,
            "description": "Allow worker nodes to communicate with RDS database",
            "from_port": 5432,
            "id": "sgrule-4201633415",
            "ipv6_cidr_blocks": null,
            "prefix_list_ids": null,
            "protocol": "tcp",
            "security_group_id": "sg-02ea47c660ff72c62",
            "security_group_rule_id": "sgr-067e2da86ea27ce06",
            "self": false,
            "source_security_group_id": "sg-04ba378b8a5dc1c9a",
            "timeouts": null,
            "to_port": 5432,
            "type": "ingress"
          },
          "sensitive_attributes": [],
          "private": "eyJlMmJmYjczMC1lY2FhLTExZTYtOGY4OC0zNDM2M2JjN2M0YzAiOnsiY3JlYXRlIjozMDAwMDAwMDAwMDB9LCJzY2hlbWFfdmVyc2lvbiI6IjIifQ==",
          "dependencies": [
            "module.eks.aws_security_group.cluster",
            "module.network.aws_security_group.rds_db_sg",
            "module.network.aws_vpc.vpc"
          ]
        }
      ]
    },
    {
      "module": "module.db",
      "mode": "managed",
      "type": "aws_db_instance",
      "name": "rds_postgres",
      "provider": "provider[\"registry.terraform.io/hashicorp/aws\"]",
      "instances": [
        {
          "schema_version": 1,
          "attributes": {
            "address": "mukta-prod-db.csju60oewij7.ap-south-1.rds.amazonaws.com",
            "allocated_storage": 10,
            "allow_major_version_upgrade": null,
            "apply_immediately": false,
            "arn": "arn:aws:rds:ap-south-1:611316314659:db:mukta-prod-db",
            "auto_minor_version_upgrade": true,
            "availability_zone": "ap-south-1b",
            "backup_retention_period": 7,
            "backup_window": "19:41-20:11",
            "blue_green_update": [],
            "ca_cert_identifier": "rds-ca-2019",
            "character_set_name": "",
            "copy_tags_to_snapshot": true,
            "custom_iam_instance_profile": "",
            "customer_owned_ip_enabled": false,
            "db_name": "mukta_prod_db",
            "db_subnet_group_name": "db-subnet-group-mukta-prod",
            "delete_automated_backups": true,
            "deletion_protection": false,
            "domain": "",
            "domain_iam_role_name": "",
            "enabled_cloudwatch_logs_exports": [],
            "endpoint": "mukta-prod-db.csju60oewij7.ap-south-1.rds.amazonaws.com:5432",
            "engine": "postgres",
            "engine_version": "11.13",
            "engine_version_actual": "11.13",
            "final_snapshot_identifier": null,
            "hosted_zone_id": "Z2VFMSZA74J7XZ",
            "iam_database_authentication_enabled": false,
            "id": "mukta-prod-db",
            "identifier": "mukta-prod-db",
            "identifier_prefix": "",
            "instance_class": "db.t3.medium",
            "iops": 0,
            "kms_key_id": "",
            "latest_restorable_time": "2023-05-16T10:02:52Z",
            "license_model": "postgresql-license",
            "listener_endpoint": [],
            "maintenance_window": "fri:07:13-fri:07:43",
            "manage_master_user_password": null,
            "master_user_secret": [],
            "master_user_secret_kms_key_id": null,
            "max_allocated_storage": 0,
            "monitoring_interval": 0,
            "monitoring_role_arn": "",
            "multi_az": false,
            "name": "mukta_prod_db",
            "nchar_character_set_name": "",
            "network_type": "IPV4",
            "option_group_name": "default:postgres-11",
            "parameter_group_name": "default.postgres11",
            "password": "muktaprod1234",
            "performance_insights_enabled": false,
            "performance_insights_kms_key_id": "",
            "performance_insights_retention_period": 0,
            "port": 5432,
            "publicly_accessible": false,
            "replica_mode": "",
            "replicas": [],
            "replicate_source_db": "",
            "resource_id": "db-KH7R5RW33VPYOGPCVLJMIYSUMM",
            "restore_to_point_in_time": [],
            "s3_import": [],
            "security_group_names": [],
            "skip_final_snapshot": true,
            "snapshot_identifier": null,
            "status": "available",
            "storage_encrypted": false,
            "storage_throughput": 0,
            "storage_type": "gp2",
            "tags": {
              "Name": "mukta-prod-db",
              "environment": "mukta-prod"
            },
            "tags_all": {
              "Name": "mukta-prod-db",
              "environment": "mukta-prod"
            },
            "timeouts": null,
            "timezone": "",
            "username": "muktaprod",
            "vpc_security_group_ids": [
              "sg-02ea47c660ff72c62"
            ]
          },
          "sensitive_attributes": [],
          "private": "eyJlMmJmYjczMC1lY2FhLTExZTYtOGY4OC0zNDM2M2JjN2M0YzAiOnsiY3JlYXRlIjoyNDAwMDAwMDAwMDAwLCJkZWxldGUiOjM2MDAwMDAwMDAwMDAsInVwZGF0ZSI6NDgwMDAwMDAwMDAwMH0sInNjaGVtYV92ZXJzaW9uIjoiMSJ9",
          "dependencies": [
            "module.db.aws_db_subnet_group.db_subnet_group",
            "module.network.aws_security_group.rds_db_sg",
            "module.network.aws_subnet.private_subnet",
            "module.network.aws_vpc.vpc"
          ]
        }
      ]
    },
    {
      "module": "module.db",
      "mode": "managed",
      "type": "aws_db_subnet_group",
      "name": "db_subnet_group",
      "provider": "provider[\"registry.terraform.io/hashicorp/aws\"]",
      "instances": [
        {
          "schema_version": 0,
          "attributes": {
            "arn": "arn:aws:rds:ap-south-1:611316314659:subgrp:db-subnet-group-mukta-prod",
            "description": "Managed by Terraform",
            "id": "db-subnet-group-mukta-prod",
            "name": "db-subnet-group-mukta-prod",
            "name_prefix": "",
            "subnet_ids": [
              "subnet-09f84e5c8a3444a51",
              "subnet-0d7a256db7af02bc4"
            ],
            "supported_network_types": [
              "IPV4"
            ],
            "tags": {
              "Name": "db-subnet-group-mukta-prod",
              "environment": "mukta-prod"
            },
            "tags_all": {
              "Name": "db-subnet-group-mukta-prod",
              "environment": "mukta-prod"
            },
            "vpc_id": "vpc-056c212de6b11b990"
          },
          "sensitive_attributes": [],
          "private": "bnVsbA==",
          "dependencies": [
            "module.network.aws_subnet.private_subnet",
            "module.network.aws_vpc.vpc"
          ]
        }
      ]
    },
    {
      "module": "module.eks",
      "mode": "data",
      "type": "aws_ami",
      "name": "eks_worker",
      "provider": "provider[\"registry.terraform.io/hashicorp/aws\"]",
      "instances": [
        {
          "index_key": 0,
          "schema_version": 0,
          "attributes": {
            "architecture": "x86_64",
            "arn": "arn:aws:ec2:ap-south-1::image/ami-0415135f0e0bb37f3",
            "block_device_mappings": [
              {
                "device_name": "/dev/xvda",
                "ebs": {
                  "delete_on_termination": "true",
                  "encrypted": "false",
                  "iops": "0",
                  "snapshot_id": "snap-08bf2ac4ae99fc20d",
                  "throughput": "0",
                  "volume_size": "20",
                  "volume_type": "gp2"
                },
                "no_device": "",
                "virtual_name": ""
              }
            ],
            "boot_mode": "",
            "creation_date": "2023-05-10T04:39:54.000Z",
            "deprecation_time": "2025-05-10T04:39:54.000Z",
            "description": "EKS Kubernetes Worker AMI with AmazonLinux2 image, (k8s: 1.22.17, docker: 20.10.23-1.amzn2.0.1, containerd: 1.6.*)",
            "ena_support": true,
            "executable_users": null,
            "filter": [
              {
                "name": "name",
                "values": [
                  "amazon-eks-node-1.22-v*"
                ]
              }
            ],
            "hypervisor": "xen",
            "id": "ami-0415135f0e0bb37f3",
            "image_id": "ami-0415135f0e0bb37f3",
            "image_location": "amazon/amazon-eks-node-1.22-v20230509",
            "image_owner_alias": "amazon",
            "image_type": "machine",
            "imds_support": "",
            "include_deprecated": false,
            "kernel_id": "",
            "most_recent": true,
            "name": "amazon-eks-node-1.22-v20230509",
            "name_regex": null,
            "owner_id": "602401143452",
            "owners": [
              "amazon"
            ],
            "platform": "",
            "platform_details": "Linux/UNIX",
            "product_codes": [],
            "public": true,
            "ramdisk_id": "",
            "root_device_name": "/dev/xvda",
            "root_device_type": "ebs",
            "root_snapshot_id": "snap-08bf2ac4ae99fc20d",
            "sriov_net_support": "simple",
            "state": "available",
            "state_reason": {
              "code": "UNSET",
              "message": "UNSET"
            },
            "tags": {},
            "timeouts": null,
            "tpm_support": "",
            "usage_operation": "RunInstances",
            "virtualization_type": "hvm"
          },
          "sensitive_attributes": []
        }
      ]
    },
    {
      "module": "module.eks",
      "mode": "data",
      "type": "aws_caller_identity",
      "name": "current",
      "provider": "provider[\"registry.terraform.io/hashicorp/aws\"]",
      "instances": [
        {
          "schema_version": 0,
          "attributes": {
            "account_id": "611316314659",
            "arn": "arn:aws:iam::611316314659:user/mukta-prod",
            "id": "611316314659",
            "user_id": "AIDAY4VKKWIRYXWZ2U2DU"
          },
          "sensitive_attributes": []
        }
      ]
    },
    {
      "module": "module.eks",
      "mode": "data",
      "type": "aws_iam_policy_document",
      "name": "cluster_assume_role_policy",
      "provider": "provider[\"registry.terraform.io/hashicorp/aws\"]",
      "instances": [
        {
          "schema_version": 0,
          "attributes": {
            "id": "2764486067",
            "json": "{\n  \"Version\": \"2012-10-17\",\n  \"Statement\": [\n    {\n      \"Sid\": \"EKSClusterAssumeRole\",\n      \"Effect\": \"Allow\",\n      \"Action\": \"sts:AssumeRole\",\n      \"Principal\": {\n        \"Service\": \"eks.amazonaws.com\"\n      }\n    }\n  ]\n}",
            "override_json": null,
            "override_policy_documents": null,
            "policy_id": null,
            "source_json": null,
            "source_policy_documents": null,
            "statement": [
              {
                "actions": [
                  "sts:AssumeRole"
                ],
                "condition": [],
                "effect": "Allow",
                "not_actions": [],
                "not_principals": [],
                "not_resources": [],
                "principals": [
                  {
                    "identifiers": [
                      "eks.amazonaws.com"
                    ],
                    "type": "Service"
                  }
                ],
                "resources": [],
                "sid": "EKSClusterAssumeRole"
              }
            ],
            "version": "2012-10-17"
          },
          "sensitive_attributes": []
        }
      ]
    },
    {
      "module": "module.eks",
      "mode": "data",
      "type": "aws_iam_policy_document",
      "name": "cluster_deny_log_group",
      "provider": "provider[\"registry.terraform.io/hashicorp/aws\"]",
      "instances": [
        {
          "index_key": 0,
          "schema_version": 0,
          "attributes": {
            "id": "2675893060",
            "json": "{\n  \"Version\": \"2012-10-17\",\n  \"Statement\": [\n    {\n      \"Sid\": \"\",\n      \"Effect\": \"Deny\",\n      \"Action\": \"logs:CreateLogGroup\",\n      \"Resource\": \"*\"\n    }\n  ]\n}",
            "override_json": null,
            "override_policy_documents": null,
            "policy_id": null,
            "source_json": null,
            "source_policy_documents": null,
            "statement": [
              {
                "actions": [
                  "logs:CreateLogGroup"
                ],
                "condition": [],
                "effect": "Deny",
                "not_actions": [],
                "not_principals": [],
                "not_resources": [],
                "principals": [],
                "resources": [
                  "*"
                ],
                "sid": ""
              }
            ],
            "version": "2012-10-17"
          },
          "sensitive_attributes": []
        }
      ]
    },
    {
      "module": "module.eks",
      "mode": "data",
      "type": "aws_iam_policy_document",
      "name": "cluster_elb_sl_role_creation",
      "provider": "provider[\"registry.terraform.io/hashicorp/aws\"]",
      "instances": [
        {
          "index_key": 0,
          "schema_version": 0,
          "attributes": {
            "id": "3709839417",
            "json": "{\n  \"Version\": \"2012-10-17\",\n  \"Statement\": [\n    {\n      \"Sid\": \"\",\n      \"Effect\": \"Allow\",\n      \"Action\": [\n        \"ec2:DescribeInternetGateways\",\n        \"ec2:DescribeAddresses\",\n        \"ec2:DescribeAccountAttributes\"\n      ],\n      \"Resource\": \"*\"\n    }\n  ]\n}",
            "override_json": null,
            "override_policy_documents": null,
            "policy_id": null,
            "source_json": null,
            "source_policy_documents": null,
            "statement": [
              {
                "actions": [
                  "ec2:DescribeAccountAttributes",
                  "ec2:DescribeAddresses",
                  "ec2:DescribeInternetGateways"
                ],
                "condition": [],
                "effect": "Allow",
                "not_actions": [],
                "not_principals": [],
                "not_resources": [],
                "principals": [],
                "resources": [
                  "*"
                ],
                "sid": ""
              }
            ],
            "version": "2012-10-17"
          },
          "sensitive_attributes": []
        }
      ]
    },
    {
      "module": "module.eks",
      "mode": "data",
      "type": "aws_iam_policy_document",
      "name": "workers_assume_role_policy",
      "provider": "provider[\"registry.terraform.io/hashicorp/aws\"]",
      "instances": [
        {
          "schema_version": 0,
          "attributes": {
            "id": "3778018924",
            "json": "{\n  \"Version\": \"2012-10-17\",\n  \"Statement\": [\n    {\n      \"Sid\": \"EKSWorkerAssumeRole\",\n      \"Effect\": \"Allow\",\n      \"Action\": \"sts:AssumeRole\",\n      \"Principal\": {\n        \"Service\": \"ec2.amazonaws.com\"\n      }\n    }\n  ]\n}",
            "override_json": null,
            "override_policy_documents": null,
            "policy_id": null,
            "source_json": null,
            "source_policy_documents": null,
            "statement": [
              {
                "actions": [
                  "sts:AssumeRole"
                ],
                "condition": [],
                "effect": "Allow",
                "not_actions": [],
                "not_principals": [],
                "not_resources": [],
                "principals": [
                  {
                    "identifiers": [
                      "ec2.amazonaws.com"
                    ],
                    "type": "Service"
                  }
                ],
                "resources": [],
                "sid": "EKSWorkerAssumeRole"
              }
            ],
            "version": "2012-10-17"
          },
          "sensitive_attributes": []
        }
      ]
    },
    {
      "module": "module.eks",
      "mode": "data",
      "type": "aws_partition",
      "name": "current",
      "provider": "provider[\"registry.terraform.io/hashicorp/aws\"]",
      "instances": [
        {
          "schema_version": 0,
          "attributes": {
            "dns_suffix": "amazonaws.com",
            "id": "aws",
            "partition": "aws",
            "reverse_dns_prefix": "com.amazonaws"
          },
          "sensitive_attributes": []
        }
      ]
    },
    {
      "module": "module.eks",
      "mode": "data",
      "type": "http",
      "name": "wait_for_cluster",
      "provider": "provider[\"registry.terraform.io/terraform-aws-modules/http\"]",
      "instances": [
        {
          "index_key": 0,
          "schema_version": 0,
          "attributes": {
            "body": "ok",
            "ca_certificate": "-----BEGIN CERTIFICATE-----\nMIIC/jCCAeagAwIBAgIBADANBgkqhkiG9w0BAQsFADAVMRMwEQYDVQQDEwprdWJl\ncm5ldGVzMB4XDTIzMDUxNjEwMDAwOFoXDTMzMDUxMzEwMDAwOFowFTETMBEGA1UE\nAxMKa3ViZXJuZXRlczCCASIwDQYJKoZIhvcNAQEBBQADggEPADCCAQoCggEBAMSD\nIEDuuVqaXW2BZJTSGM2jIIVJKVM+5FwWCr3xIbnLlZ0+sGwJjgbUYW/DKVZHuda0\nf0ygTm5PsUcDzPi5sF8DdyQRFP9Ne2tZqinCe5vBm7AztdK7S8aSmAHOK5fQnJ3f\nx4YzQcPwUR6JduiH/SxPMoEvPGBHoM2XnijtaigIMutbKMhevAl7zu5DbSp428r0\n3PCFgyM2xtUuf63HX/JbEpNLOJsuJDHFZ6sz3pU0HRtj5VqkPqlBld4HJx2X2Wvd\nSNjtWukg9hcMrt33jKvvPBzm7VvQ2EkF62Qy3O5Xx9aQ2M7ip9OV0HInRcowjXSp\nlB4vQJnyH6p6TjLVqOsCAwEAAaNZMFcwDgYDVR0PAQH/BAQDAgKkMA8GA1UdEwEB\n/wQFMAMBAf8wHQYDVR0OBBYEFOKDyXH0R1E/x2mcy/JR7WPJT6REMBUGA1UdEQQO\nMAyCCmt1YmVybmV0ZXMwDQYJKoZIhvcNAQELBQADggEBAGakUwDCGGS7NvjaXiQU\nngHvjsgKSsk+Sc+/0AXA9zKl/B+j70i+0xNGhL84139OOLn9bvwgjOkpZHslmznM\nLy3FcTrWQSBZWTQLxP+sxF/eRGdEupQvwrBAGQ5IXYEGQwBEEH6IS+ItA4JbYxVf\nrZSpfVCm+oXJsEkxbyUBAo1I0SQj5Rc7Ri5jwlhFkMAsN1KWgGD7NAQ8c/2v2WnX\nbxyz5gS3AYYogLA0DASiNgj5rxxHWHDhFOdpLbRZ+6jBiPCEcB8XiTadiKqHtKMH\nz0WhdP1Amwmm03qEcAa+PYMZhDZzWmPX2/QkTOSjp3vVz6L8RkmjTL9soYA6bKeW\nMqc=\n-----END CERTIFICATE-----\n",
            "id": "https://974A282E490833EF62E329D1AC8E93C4.sk1.ap-south-1.eks.amazonaws.com/healthz",
            "insecure": false,
            "request_headers": null,
            "response_headers": {
              "Audit-Id": "8ed37f92-c55c-4094-aa0f-2226c9428ae8",
              "Cache-Control": "no-cache, private",
              "Content-Length": "2",
              "Content-Type": "text/plain; charset=utf-8",
              "Date": "Tue, 16 May 2023 10:10:18 GMT",
              "X-Content-Type-Options": "nosniff",
              "X-Kubernetes-Pf-Flowschema-Uid": "e46d010f-2c2f-4692-8569-571b87167099",
              "X-Kubernetes-Pf-Prioritylevel-Uid": "e93716e7-f72c-43fe-9bb3-72d044b4e36c"
            },
            "timeout": 300,
            "url": "https://974A282E490833EF62E329D1AC8E93C4.sk1.ap-south-1.eks.amazonaws.com/healthz"
          },
          "sensitive_attributes": []
        }
      ]
    },
    {
      "module": "module.eks",
      "mode": "managed",
      "type": "aws_autoscaling_group",
      "name": "workers",
      "provider": "provider[\"registry.terraform.io/hashicorp/aws\"]",
      "instances": [
        {
          "index_key": 0,
          "schema_version": 0,
          "attributes": {
            "arn": "arn:aws:autoscaling:ap-south-1:611316314659:autoScalingGroup:593ab203-3c2d-42b4-9d63-90e76ef88d57:autoScalingGroupName/mukta-prod-spot20230516101027500000000001",
            "availability_zones": [
              "ap-south-1b"
            ],
            "capacity_rebalance": false,
            "context": "",
            "default_cooldown": 300,
            "default_instance_warmup": 0,
            "desired_capacity": 3,
            "desired_capacity_type": "",
            "enabled_metrics": null,
            "force_delete": false,
            "force_delete_warm_pool": false,
            "health_check_grace_period": 300,
            "health_check_type": "EC2",
            "id": "mukta-prod-spot20230516101027500000000001",
            "initial_lifecycle_hook": [],
            "instance_refresh": [],
            "launch_configuration": "mukta-prod-spot20230516100428625200000026",
            "launch_template": [],
            "load_balancers": null,
            "max_instance_lifetime": 0,
            "max_size": 3,
            "metrics_granularity": "1Minute",
            "min_elb_capacity": null,
            "min_size": 1,
            "mixed_instances_policy": [],
            "name": "mukta-prod-spot20230516101027500000000001",
            "name_prefix": "mukta-prod-spot",
            "placement_group": "",
            "predicted_capacity": 0,
            "protect_from_scale_in": false,
            "service_linked_role_arn": "arn:aws:iam::611316314659:role/aws-service-role/autoscaling.amazonaws.com/AWSServiceRoleForAutoScaling",
            "suspended_processes": [
              "AZRebalance"
            ],
            "tag": [
              {
                "key": "KubernetesCluster",
                "propagate_at_launch": true,
                "value": "mukta-prod"
              },
              {
                "key": "Name",
                "propagate_at_launch": true,
                "value": "mukta-prod-spot-eks_asg"
              },
              {
                "key": "k8s.io/cluster/mukta-prod",
                "propagate_at_launch": true,
                "value": "owned"
              },
              {
                "key": "kubernetes.io/cluster/mukta-prod",
                "propagate_at_launch": true,
                "value": "owned"
              }
            ],
            "tags": null,
            "target_group_arns": null,
            "termination_policies": [],
            "timeouts": null,
            "vpc_zone_identifier": [
              "subnet-0d7a256db7af02bc4"
            ],
            "wait_for_capacity_timeout": "10m",
            "wait_for_elb_capacity": null,
            "warm_pool": [],
            "warm_pool_size": 0
          },
          "sensitive_attributes": [],
          "private": "eyJlMmJmYjczMC1lY2FhLTExZTYtOGY4OC0zNDM2M2JjN2M0YzAiOnsiZGVsZXRlIjo2MDAwMDAwMDAwMDAsInVwZGF0ZSI6NjAwMDAwMDAwMDAwfX0=",
          "dependencies": [
            "module.eks.aws_eks_cluster.this",
            "module.eks.aws_launch_configuration.workers",
            "module.eks.data.aws_ami.eks_worker",
            "module.eks.data.aws_ami.eks_worker_windows",
            "module.network.aws_subnet.private_subnet",
            "module.network.aws_subnet.public_subnet"
          ],
          "create_before_destroy": true
        }
      ]
    },
    {
      "module": "module.eks",
      "mode": "managed",
      "type": "aws_eks_cluster",
      "name": "this",
      "provider": "provider[\"registry.terraform.io/hashicorp/aws\"]",
      "instances": [
        {
          "index_key": 0,
          "schema_version": 0,
          "attributes": {
            "arn": "arn:aws:eks:ap-south-1:611316314659:cluster/mukta-prod",
            "certificate_authority": [
              {
                "data": "LS0tLS1CRUdJTiBDRVJUSUZJQ0FURS0tLS0tCk1JSUMvakNDQWVhZ0F3SUJBZ0lCQURBTkJna3Foa2lHOXcwQkFRc0ZBREFWTVJNd0VRWURWUVFERXdwcmRXSmwKY201bGRHVnpNQjRYRFRJek1EVXhOakV3TURBd09Gb1hEVE16TURVeE16RXdNREF3T0Zvd0ZURVRNQkVHQTFVRQpBeE1LYTNWaVpYSnVaWFJsY3pDQ0FTSXdEUVlKS29aSWh2Y05BUUVCQlFBRGdnRVBBRENDQVFvQ2dnRUJBTVNECklFRHV1VnFhWFcyQlpKVFNHTTJqSUlWSktWTSs1RndXQ3IzeElibkxsWjArc0d3SmpnYlVZVy9ES1ZaSHVkYTAKZjB5Z1RtNVBzVWNEelBpNXNGOERkeVFSRlA5TmUydFpxaW5DZTV2Qm03QXp0ZEs3UzhhU21BSE9LNWZRbkozZgp4NFl6UWNQd1VSNkpkdWlIL1N4UE1vRXZQR0JIb00yWG5panRhaWdJTXV0YktNaGV2QWw3enU1RGJTcDQyOHIwCjNQQ0ZneU0yeHRVdWY2M0hYL0piRXBOTE9Kc3VKREhGWjZzejNwVTBIUnRqNVZxa1BxbEJsZDRISngyWDJXdmQKU05qdFd1a2c5aGNNcnQzM2pLdnZQQnptN1Z2UTJFa0Y2MlF5M081WHg5YVEyTTdpcDlPVjBISW5SY293alhTcApsQjR2UUpueUg2cDZUakxWcU9zQ0F3RUFBYU5aTUZjd0RnWURWUjBQQVFIL0JBUURBZ0trTUE4R0ExVWRFd0VCCi93UUZNQU1CQWY4d0hRWURWUjBPQkJZRUZPS0R5WEgwUjFFL3gybWN5L0pSN1dQSlQ2UkVNQlVHQTFVZEVRUU8KTUF5Q0NtdDFZbVZ5Ym1WMFpYTXdEUVlKS29aSWh2Y05BUUVMQlFBRGdnRUJBR2FrVXdEQ0dHUzdOdmphWGlRVQpuZ0h2anNnS1NzaytTYysvMEFYQTl6S2wvQitqNzBpKzB4TkdoTDg0MTM5T09Mbjlidndnak9rcFpIc2xtem5NCkx5M0ZjVHJXUVNCWldUUUx4UCtzeEYvZVJHZEV1cFF2d3JCQUdRNUlYWUVHUXdCRUVINklTK0l0QTRKYll4VmYKclpTcGZWQ20rb1hKc0VreGJ5VUJBbzFJMFNRajVSYzdSaTVqd2xoRmtNQXNOMUtXZ0dEN05BUThjLzJ2MlduWApieHl6NWdTM0FZWW9nTEEwREFTaU5najVyeHhIV0hEaEZPZHBMYlJaKzZqQmlQQ0VjQjhYaVRhZGlLcUh0S01ICnowV2hkUDFBbXdtbTAzcUVjQWErUFlNWmhEWnpXbVBYMi9Ra1RPU2pwM3ZWejZMOFJrbWpUTDlzb1lBNmJLZVcKTXFjPQotLS0tLUVORCBDRVJUSUZJQ0FURS0tLS0tCg=="
              }
            ],
            "cluster_id": null,
            "created_at": "2023-05-16 09:55:21.977 +0000 UTC",
            "enabled_cluster_log_types": [],
            "encryption_config": [],
            "endpoint": "https://974A282E490833EF62E329D1AC8E93C4.sk1.ap-south-1.eks.amazonaws.com",
            "id": "mukta-prod",
            "identity": [
              {
                "oidc": [
                  {
                    "issuer": "https://oidc.eks.ap-south-1.amazonaws.com/id/974A282E490833EF62E329D1AC8E93C4"
                  }
                ]
              }
            ],
            "kubernetes_network_config": [
              {
                "ip_family": "ipv4",
                "service_ipv4_cidr": "10.100.0.0/16",
                "service_ipv6_cidr": ""
              }
            ],
            "name": "mukta-prod",
            "outpost_config": [],
            "platform_version": "eks.12",
            "role_arn": "arn:aws:iam::611316314659:role/mukta-prod20230516095441974700000012",
            "status": "ACTIVE",
            "tags": {
              "KubernetesCluster": "mukta-prod",
              "kubernetes.io/cluster/mukta-prod": "owned"
            },
            "tags_all": {
              "KubernetesCluster": "mukta-prod",
              "kubernetes.io/cluster/mukta-prod": "owned"
            },
            "timeouts": {
              "create": "30m",
              "delete": "15m",
              "update": "60m"
            },
            "version": "1.22",
            "vpc_config": [
              {
                "cluster_security_group_id": "sg-0e65e23dea8ab0e8d",
                "endpoint_private_access": false,
                "endpoint_public_access": true,
                "public_access_cidrs": [
                  "0.0.0.0/0"
                ],
                "security_group_ids": [
                  "sg-04ba378b8a5dc1c9a"
                ],
                "subnet_ids": [
                  "subnet-0616bba7f62d0efcc",
                  "subnet-09ed2b055f1b1e1cd",
                  "subnet-09f84e5c8a3444a51",
                  "subnet-0d7a256db7af02bc4"
                ],
                "vpc_id": "vpc-056c212de6b11b990"
              }
            ]
          },
          "sensitive_attributes": [],
          "private": "eyJlMmJmYjczMC1lY2FhLTExZTYtOGY4OC0zNDM2M2JjN2M0YzAiOnsiY3JlYXRlIjoxODAwMDAwMDAwMDAwLCJkZWxldGUiOjkwMDAwMDAwMDAwMCwidXBkYXRlIjozNjAwMDAwMDAwMDAwfX0=",
          "dependencies": [
            "module.eks.aws_cloudwatch_log_group.this",
            "module.eks.aws_iam_role.cluster",
            "module.eks.aws_iam_role_policy_attachment.cluster_AmazonEKSClusterPolicy",
            "module.eks.aws_iam_role_policy_attachment.cluster_AmazonEKSServicePolicy",
            "module.eks.aws_iam_role_policy_attachment.cluster_AmazonEKSVPCResourceControllerPolicy",
            "module.eks.aws_security_group.cluster",
            "module.eks.aws_security_group.workers",
            "module.eks.aws_security_group_rule.cluster_egress_internet",
            "module.eks.aws_security_group_rule.cluster_https_worker_ingress",
            "module.eks.data.aws_iam_policy_document.cluster_assume_role_policy",
            "module.eks.data.aws_iam_role.custom_cluster_iam_role",
            "module.eks.data.aws_partition.current",
            "module.network.aws_subnet.private_subnet",
            "module.network.aws_subnet.public_subnet",
            "module.network.aws_vpc.vpc"
          ],
          "create_before_destroy": true
        }
      ]
    },
    {
      "module": "module.eks",
      "mode": "managed",
      "type": "aws_iam_instance_profile",
      "name": "workers",
      "provider": "provider[\"registry.terraform.io/hashicorp/aws\"]",
      "instances": [
        {
          "index_key": 0,
          "schema_version": 0,
          "attributes": {
            "arn": "arn:aws:iam::611316314659:instance-profile/mukta-prod20230516100425978900000022",
            "create_date": "2023-05-16T10:04:26Z",
            "id": "mukta-prod20230516100425978900000022",
            "name": "mukta-prod20230516100425978900000022",
            "name_prefix": "mukta-prod",
            "path": "/",
            "role": "mukta-prod20230516100423444700000021",
            "tags": {
              "KubernetesCluster": "mukta-prod",
              "kubernetes.io/cluster/mukta-prod": "owned"
            },
            "tags_all": {
              "KubernetesCluster": "mukta-prod",
              "kubernetes.io/cluster/mukta-prod": "owned"
            },
            "unique_id": "AIPAY4VKKWIR7HTHI5XN5"
          },
          "sensitive_attributes": [],
          "private": "bnVsbA==",
          "dependencies": [
            "module.eks.aws_cloudwatch_log_group.this",
            "module.eks.aws_eks_cluster.this",
            "module.eks.aws_iam_role.cluster",
            "module.eks.aws_iam_role.workers",
            "module.eks.aws_iam_role_policy_attachment.cluster_AmazonEKSClusterPolicy",
            "module.eks.aws_iam_role_policy_attachment.cluster_AmazonEKSServicePolicy",
            "module.eks.aws_iam_role_policy_attachment.cluster_AmazonEKSVPCResourceControllerPolicy",
            "module.eks.aws_security_group.cluster",
            "module.eks.aws_security_group.workers",
            "module.eks.aws_security_group_rule.cluster_egress_internet",
            "module.eks.aws_security_group_rule.cluster_https_worker_ingress",
            "module.eks.data.aws_iam_policy_document.cluster_assume_role_policy",
            "module.eks.data.aws_iam_policy_document.workers_assume_role_policy",
            "module.eks.data.aws_iam_role.custom_cluster_iam_role",
            "module.eks.data.aws_partition.current",
            "module.network.aws_subnet.private_subnet",
            "module.network.aws_subnet.public_subnet",
            "module.network.aws_vpc.vpc"
          ],
          "create_before_destroy": true
        }
      ]
    },
    {
      "module": "module.eks",
      "mode": "managed",
      "type": "aws_iam_policy",
      "name": "cluster_deny_log_group",
      "provider": "provider[\"registry.terraform.io/hashicorp/aws\"]",
      "instances": [
        {
          "index_key": 0,
          "schema_version": 0,
          "attributes": {
            "arn": "arn:aws:iam::611316314659:policy/mukta-prod-deny-log-group20230516095431003800000007",
            "description": "Deny CreateLogGroup",
            "id": "arn:aws:iam::611316314659:policy/mukta-prod-deny-log-group20230516095431003800000007",
            "name": "mukta-prod-deny-log-group20230516095431003800000007",
            "name_prefix": "mukta-prod-deny-log-group",
            "path": "/",
            "policy": "{\"Statement\":[{\"Action\":\"logs:CreateLogGroup\",\"Effect\":\"Deny\",\"Resource\":\"*\",\"Sid\":\"\"}],\"Version\":\"2012-10-17\"}",
            "policy_id": "ANPAY4VKKWIR2MCSXF5ID",
            "tags": {
              "KubernetesCluster": "mukta-prod",
              "kubernetes.io/cluster/mukta-prod": "owned"
            },
            "tags_all": {
              "KubernetesCluster": "mukta-prod",
              "kubernetes.io/cluster/mukta-prod": "owned"
            }
          },
          "sensitive_attributes": [],
          "private": "bnVsbA==",
          "dependencies": [
            "module.eks.data.aws_iam_policy_document.cluster_deny_log_group"
          ]
        }
      ]
    },
    {
      "module": "module.eks",
      "mode": "managed",
      "type": "aws_iam_policy",
      "name": "cluster_elb_sl_role_creation",
      "provider": "provider[\"registry.terraform.io/hashicorp/aws\"]",
      "instances": [
        {
          "index_key": 0,
          "schema_version": 0,
          "attributes": {
            "arn": "arn:aws:iam::611316314659:policy/mukta-prod-elb-sl-role-creation2023051609544183710000000c",
            "description": "Permissions for EKS to create AWSServiceRoleForElasticLoadBalancing service-linked role",
            "id": "arn:aws:iam::611316314659:policy/mukta-prod-elb-sl-role-creation2023051609544183710000000c",
            "name": "mukta-prod-elb-sl-role-creation2023051609544183710000000c",
            "name_prefix": "mukta-prod-elb-sl-role-creation",
            "path": "/",
            "policy": "{\"Statement\":[{\"Action\":[\"ec2:DescribeInternetGateways\",\"ec2:DescribeAddresses\",\"ec2:DescribeAccountAttributes\"],\"Effect\":\"Allow\",\"Resource\":\"*\",\"Sid\":\"\"}],\"Version\":\"2012-10-17\"}",
            "policy_id": "ANPAY4VKKWIR6PUVSCESJ",
            "tags": {
              "KubernetesCluster": "mukta-prod",
              "kubernetes.io/cluster/mukta-prod": "owned"
            },
            "tags_all": {
              "KubernetesCluster": "mukta-prod",
              "kubernetes.io/cluster/mukta-prod": "owned"
            }
          },
          "sensitive_attributes": [],
          "private": "bnVsbA==",
          "dependencies": [
            "module.eks.data.aws_iam_policy_document.cluster_elb_sl_role_creation"
          ]
        }
      ]
    },
    {
      "module": "module.eks",
      "mode": "managed",
      "type": "aws_iam_role",
      "name": "cluster",
      "provider": "provider[\"registry.terraform.io/hashicorp/aws\"]",
      "instances": [
        {
          "index_key": 0,
          "schema_version": 0,
          "attributes": {
            "arn": "arn:aws:iam::611316314659:role/mukta-prod20230516095441974700000012",
            "assume_role_policy": "{\"Statement\":[{\"Action\":\"sts:AssumeRole\",\"Effect\":\"Allow\",\"Principal\":{\"Service\":\"eks.amazonaws.com\"},\"Sid\":\"EKSClusterAssumeRole\"}],\"Version\":\"2012-10-17\"}",
            "create_date": "2023-05-16T09:54:42Z",
            "description": "",
            "force_detach_policies": true,
            "id": "mukta-prod20230516095441974700000012",
            "inline_policy": [],
            "managed_policy_arns": [
              "arn:aws:iam::611316314659:policy/mukta-prod-deny-log-group20230516095431003800000007",
              "arn:aws:iam::611316314659:policy/mukta-prod-elb-sl-role-creation2023051609544183710000000c",
              "arn:aws:iam::aws:policy/AmazonEKSClusterPolicy",
              "arn:aws:iam::aws:policy/AmazonEKSServicePolicy",
              "arn:aws:iam::aws:policy/AmazonEKSVPCResourceController"
            ],
            "max_session_duration": 3600,
            "name": "mukta-prod20230516095441974700000012",
            "name_prefix": "mukta-prod",
            "path": "/",
            "permissions_boundary": null,
            "role_last_used": [
              {
                "last_used_date": "",
                "region": ""
              }
            ],
            "tags": {
              "KubernetesCluster": "mukta-prod",
              "kubernetes.io/cluster/mukta-prod": "owned"
            },
            "tags_all": {
              "KubernetesCluster": "mukta-prod",
              "kubernetes.io/cluster/mukta-prod": "owned"
            },
            "unique_id": "AROAY4VKKWIRXRKK6NWEO"
          },
          "sensitive_attributes": [],
          "private": "bnVsbA==",
          "dependencies": [
            "module.eks.data.aws_iam_policy_document.cluster_assume_role_policy"
          ],
          "create_before_destroy": true
        }
      ]
    },
    {
      "module": "module.eks",
      "mode": "managed",
      "type": "aws_iam_role",
      "name": "workers",
      "provider": "provider[\"registry.terraform.io/hashicorp/aws\"]",
      "instances": [
        {
          "index_key": 0,
          "schema_version": 0,
          "attributes": {
            "arn": "arn:aws:iam::611316314659:role/mukta-prod20230516100423444700000021",
            "assume_role_policy": "{\"Statement\":[{\"Action\":\"sts:AssumeRole\",\"Effect\":\"Allow\",\"Principal\":{\"Service\":\"ec2.amazonaws.com\"},\"Sid\":\"EKSWorkerAssumeRole\"}],\"Version\":\"2012-10-17\"}",
            "create_date": "2023-05-16T10:04:24Z",
            "description": "",
            "force_detach_policies": true,
            "id": "mukta-prod20230516100423444700000021",
            "inline_policy": [],
            "managed_policy_arns": [
              "arn:aws:iam::aws:policy/AmazonEC2ContainerRegistryReadOnly",
              "arn:aws:iam::aws:policy/AmazonEKSWorkerNodePolicy",
              "arn:aws:iam::aws:policy/AmazonEKS_CNI_Policy"
            ],
            "max_session_duration": 3600,
            "name": "mukta-prod20230516100423444700000021",
            "name_prefix": "mukta-prod",
            "path": "/",
            "permissions_boundary": null,
            "role_last_used": [
              {
                "last_used_date": "",
                "region": ""
              }
            ],
            "tags": {
              "KubernetesCluster": "mukta-prod",
              "kubernetes.io/cluster/mukta-prod": "owned"
            },
            "tags_all": {
              "KubernetesCluster": "mukta-prod",
              "kubernetes.io/cluster/mukta-prod": "owned"
            },
            "unique_id": "AROAY4VKKWIR5ZWYZOKQB"
          },
          "sensitive_attributes": [],
          "private": "bnVsbA==",
          "dependencies": [
            "module.eks.aws_cloudwatch_log_group.this",
            "module.eks.aws_eks_cluster.this",
            "module.eks.aws_iam_role.cluster",
            "module.eks.aws_iam_role_policy_attachment.cluster_AmazonEKSClusterPolicy",
            "module.eks.aws_iam_role_policy_attachment.cluster_AmazonEKSServicePolicy",
            "module.eks.aws_iam_role_policy_attachment.cluster_AmazonEKSVPCResourceControllerPolicy",
            "module.eks.aws_security_group.cluster",
            "module.eks.aws_security_group.workers",
            "module.eks.aws_security_group_rule.cluster_egress_internet",
            "module.eks.aws_security_group_rule.cluster_https_worker_ingress",
            "module.eks.data.aws_iam_policy_document.cluster_assume_role_policy",
            "module.eks.data.aws_iam_policy_document.workers_assume_role_policy",
            "module.eks.data.aws_iam_role.custom_cluster_iam_role",
            "module.eks.data.aws_partition.current",
            "module.network.aws_subnet.private_subnet",
            "module.network.aws_subnet.public_subnet",
            "module.network.aws_vpc.vpc"
          ],
          "create_before_destroy": true
        }
      ]
    },
    {
      "module": "module.eks",
      "mode": "managed",
      "type": "aws_iam_role_policy_attachment",
      "name": "cluster_AmazonEKSClusterPolicy",
      "provider": "provider[\"registry.terraform.io/hashicorp/aws\"]",
      "instances": [
        {
          "index_key": 0,
          "schema_version": 0,
          "attributes": {
            "id": "mukta-prod20230516095441974700000012-2023051609550088190000001c",
            "policy_arn": "arn:aws:iam::aws:policy/AmazonEKSClusterPolicy",
            "role": "mukta-prod20230516095441974700000012"
          },
          "sensitive_attributes": [],
          "private": "bnVsbA==",
          "dependencies": [
            "module.eks.aws_iam_role.cluster",
            "module.eks.data.aws_iam_policy_document.cluster_assume_role_policy",
            "module.eks.data.aws_partition.current"
          ],
          "create_before_destroy": true
        }
      ]
    },
    {
      "module": "module.eks",
      "mode": "managed",
      "type": "aws_iam_role_policy_attachment",
      "name": "cluster_AmazonEKSServicePolicy",
      "provider": "provider[\"registry.terraform.io/hashicorp/aws\"]",
      "instances": [
        {
          "index_key": 0,
          "schema_version": 0,
          "attributes": {
            "id": "mukta-prod20230516095441974700000012-2023051609545965890000001a",
            "policy_arn": "arn:aws:iam::aws:policy/AmazonEKSServicePolicy",
            "role": "mukta-prod20230516095441974700000012"
          },
          "sensitive_attributes": [],
          "private": "bnVsbA==",
          "dependencies": [
            "module.eks.aws_iam_role.cluster",
            "module.eks.data.aws_iam_policy_document.cluster_assume_role_policy",
            "module.eks.data.aws_partition.current"
          ],
          "create_before_destroy": true
        }
      ]
    },
    {
      "module": "module.eks",
      "mode": "managed",
      "type": "aws_iam_role_policy_attachment",
      "name": "cluster_AmazonEKSVPCResourceControllerPolicy",
      "provider": "provider[\"registry.terraform.io/hashicorp/aws\"]",
      "instances": [
        {
          "index_key": 0,
          "schema_version": 0,
          "attributes": {
            "id": "mukta-prod20230516095441974700000012-2023051609550268510000001d",
            "policy_arn": "arn:aws:iam::aws:policy/AmazonEKSVPCResourceController",
            "role": "mukta-prod20230516095441974700000012"
          },
          "sensitive_attributes": [],
          "private": "bnVsbA==",
          "dependencies": [
            "module.eks.aws_iam_role.cluster",
            "module.eks.data.aws_iam_policy_document.cluster_assume_role_policy",
            "module.eks.data.aws_partition.current"
          ],
          "create_before_destroy": true
        }
      ]
    },
    {
      "module": "module.eks",
      "mode": "managed",
      "type": "aws_iam_role_policy_attachment",
      "name": "cluster_deny_log_group",
      "provider": "provider[\"registry.terraform.io/hashicorp/aws\"]",
      "instances": [
        {
          "index_key": 0,
          "schema_version": 0,
          "attributes": {
            "id": "mukta-prod20230516095441974700000012-2023051609550086180000001b",
            "policy_arn": "arn:aws:iam::611316314659:policy/mukta-prod-deny-log-group20230516095431003800000007",
            "role": "mukta-prod20230516095441974700000012"
          },
          "sensitive_attributes": [],
          "private": "bnVsbA==",
          "dependencies": [
            "module.eks.aws_iam_policy.cluster_deny_log_group",
            "module.eks.aws_iam_role.cluster",
            "module.eks.data.aws_iam_policy_document.cluster_assume_role_policy",
            "module.eks.data.aws_iam_policy_document.cluster_deny_log_group"
          ]
        }
      ]
    },
    {
      "module": "module.eks",
      "mode": "managed",
      "type": "aws_iam_role_policy_attachment",
      "name": "cluster_elb_sl_role_creation",
      "provider": "provider[\"registry.terraform.io/hashicorp/aws\"]",
      "instances": [
        {
          "index_key": 0,
          "schema_version": 0,
          "attributes": {
            "id": "mukta-prod20230516095441974700000012-20230516095456873700000019",
            "policy_arn": "arn:aws:iam::611316314659:policy/mukta-prod-elb-sl-role-creation2023051609544183710000000c",
            "role": "mukta-prod20230516095441974700000012"
          },
          "sensitive_attributes": [],
          "private": "bnVsbA==",
          "dependencies": [
            "module.eks.aws_iam_policy.cluster_elb_sl_role_creation",
            "module.eks.aws_iam_role.cluster",
            "module.eks.data.aws_iam_policy_document.cluster_assume_role_policy",
            "module.eks.data.aws_iam_policy_document.cluster_elb_sl_role_creation"
          ]
        }
      ]
    },
    {
      "module": "module.eks",
      "mode": "managed",
      "type": "aws_iam_role_policy_attachment",
      "name": "workers_AmazonEC2ContainerRegistryReadOnly",
      "provider": "provider[\"registry.terraform.io/hashicorp/aws\"]",
      "instances": [
        {
          "index_key": 0,
          "schema_version": 0,
          "attributes": {
            "id": "mukta-prod20230516100423444700000021-20230516100426561500000024",
            "policy_arn": "arn:aws:iam::aws:policy/AmazonEC2ContainerRegistryReadOnly",
            "role": "mukta-prod20230516100423444700000021"
          },
          "sensitive_attributes": [],
          "private": "bnVsbA==",
          "dependencies": [
            "module.eks.aws_cloudwatch_log_group.this",
            "module.eks.aws_eks_cluster.this",
            "module.eks.aws_iam_role.cluster",
            "module.eks.aws_iam_role.workers",
            "module.eks.aws_iam_role_policy_attachment.cluster_AmazonEKSClusterPolicy",
            "module.eks.aws_iam_role_policy_attachment.cluster_AmazonEKSServicePolicy",
            "module.eks.aws_iam_role_policy_attachment.cluster_AmazonEKSVPCResourceControllerPolicy",
            "module.eks.aws_security_group.cluster",
            "module.eks.aws_security_group.workers",
            "module.eks.aws_security_group_rule.cluster_egress_internet",
            "module.eks.aws_security_group_rule.cluster_https_worker_ingress",
            "module.eks.data.aws_iam_policy_document.cluster_assume_role_policy",
            "module.eks.data.aws_iam_policy_document.workers_assume_role_policy",
            "module.eks.data.aws_iam_role.custom_cluster_iam_role",
            "module.eks.data.aws_partition.current",
            "module.network.aws_subnet.private_subnet",
            "module.network.aws_subnet.public_subnet",
            "module.network.aws_vpc.vpc"
          ],
          "create_before_destroy": true
        }
      ]
    },
    {
      "module": "module.eks",
      "mode": "managed",
      "type": "aws_iam_role_policy_attachment",
      "name": "workers_AmazonEKSWorkerNodePolicy",
      "provider": "provider[\"registry.terraform.io/hashicorp/aws\"]",
      "instances": [
        {
          "index_key": 0,
          "schema_version": 0,
          "attributes": {
            "id": "mukta-prod20230516100423444700000021-20230516100426851700000025",
            "policy_arn": "arn:aws:iam::aws:policy/AmazonEKSWorkerNodePolicy",
            "role": "mukta-prod20230516100423444700000021"
          },
          "sensitive_attributes": [],
          "private": "bnVsbA==",
          "dependencies": [
            "module.eks.aws_cloudwatch_log_group.this",
            "module.eks.aws_eks_cluster.this",
            "module.eks.aws_iam_role.cluster",
            "module.eks.aws_iam_role.workers",
            "module.eks.aws_iam_role_policy_attachment.cluster_AmazonEKSClusterPolicy",
            "module.eks.aws_iam_role_policy_attachment.cluster_AmazonEKSServicePolicy",
            "module.eks.aws_iam_role_policy_attachment.cluster_AmazonEKSVPCResourceControllerPolicy",
            "module.eks.aws_security_group.cluster",
            "module.eks.aws_security_group.workers",
            "module.eks.aws_security_group_rule.cluster_egress_internet",
            "module.eks.aws_security_group_rule.cluster_https_worker_ingress",
            "module.eks.data.aws_iam_policy_document.cluster_assume_role_policy",
            "module.eks.data.aws_iam_policy_document.workers_assume_role_policy",
            "module.eks.data.aws_iam_role.custom_cluster_iam_role",
            "module.eks.data.aws_partition.current",
            "module.network.aws_subnet.private_subnet",
            "module.network.aws_subnet.public_subnet",
            "module.network.aws_vpc.vpc"
          ],
          "create_before_destroy": true
        }
      ]
    },
    {
      "module": "module.eks",
      "mode": "managed",
      "type": "aws_iam_role_policy_attachment",
      "name": "workers_AmazonEKS_CNI_Policy",
      "provider": "provider[\"registry.terraform.io/hashicorp/aws\"]",
      "instances": [
        {
          "index_key": 0,
          "schema_version": 0,
          "attributes": {
            "id": "mukta-prod20230516100423444700000021-20230516100426263700000023",
            "policy_arn": "arn:aws:iam::aws:policy/AmazonEKS_CNI_Policy",
            "role": "mukta-prod20230516100423444700000021"
          },
          "sensitive_attributes": [],
          "private": "bnVsbA==",
          "dependencies": [
            "module.eks.aws_cloudwatch_log_group.this",
            "module.eks.aws_eks_cluster.this",
            "module.eks.aws_iam_role.cluster",
            "module.eks.aws_iam_role.workers",
            "module.eks.aws_iam_role_policy_attachment.cluster_AmazonEKSClusterPolicy",
            "module.eks.aws_iam_role_policy_attachment.cluster_AmazonEKSServicePolicy",
            "module.eks.aws_iam_role_policy_attachment.cluster_AmazonEKSVPCResourceControllerPolicy",
            "module.eks.aws_security_group.cluster",
            "module.eks.aws_security_group.workers",
            "module.eks.aws_security_group_rule.cluster_egress_internet",
            "module.eks.aws_security_group_rule.cluster_https_worker_ingress",
            "module.eks.data.aws_iam_policy_document.cluster_assume_role_policy",
            "module.eks.data.aws_iam_policy_document.workers_assume_role_policy",
            "module.eks.data.aws_iam_role.custom_cluster_iam_role",
            "module.eks.data.aws_partition.current",
            "module.network.aws_subnet.private_subnet",
            "module.network.aws_subnet.public_subnet",
            "module.network.aws_vpc.vpc"
          ],
          "create_before_destroy": true
        }
      ]
    },
    {
      "module": "module.eks",
      "mode": "managed",
      "type": "aws_launch_configuration",
      "name": "workers",
      "provider": "provider[\"registry.terraform.io/hashicorp/aws\"]",
      "instances": [
        {
          "index_key": 0,
          "schema_version": 0,
          "attributes": {
            "arn": "arn:aws:autoscaling:ap-south-1:611316314659:launchConfiguration:2c9447ea-e8f9-4aa9-a74b-6d3937d4535d:launchConfigurationName/mukta-prod-spot20230516100428625200000026",
            "associate_public_ip_address": false,
            "ebs_block_device": [],
            "ebs_optimized": true,
            "enable_monitoring": true,
            "ephemeral_block_device": [],
            "iam_instance_profile": "mukta-prod20230516100425978900000022",
            "id": "mukta-prod-spot20230516100428625200000026",
            "image_id": "ami-0415135f0e0bb37f3",
            "instance_type": "r5ad.large",
            "key_name": "",
            "metadata_options": [
              {
                "http_endpoint": "enabled",
                "http_put_response_hop_limit": 1,
                "http_tokens": "optional"
              }
            ],
            "name": "mukta-prod-spot20230516100428625200000026",
            "name_prefix": "mukta-prod-spot",
            "placement_tenancy": "",
            "root_block_device": [
              {
                "delete_on_termination": true,
                "encrypted": false,
                "iops": 0,
                "throughput": 0,
                "volume_size": 100,
                "volume_type": "gp2"
              }
            ],
            "security_groups": [
              "sg-09d7d044a9361779f"
            ],
            "spot_price": "",
            "user_data": null,
            "user_data_base64": "IyEvYmluL2Jhc2ggLWUKCiMgQWxsb3cgdXNlciBzdXBwbGllZCBwcmUgdXNlcmRhdGEgY29kZQoKCiMgQm9vdHN0cmFwIGFuZCBqb2luIHRoZSBjbHVzdGVyCi9ldGMvZWtzL2Jvb3RzdHJhcC5zaCAtLWI2NC1jbHVzdGVyLWNhICdMUzB0TFMxQ1JVZEpUaUJEUlZKVVNVWkpRMEZVUlMwdExTMHRDazFKU1VNdmFrTkRRV1ZoWjBGM1NVSkJaMGxDUVVSQlRrSm5hM0ZvYTJsSE9YY3dRa0ZSYzBaQlJFRldUVkpOZDBWUldVUldVVkZFUlhkd2NtUlhTbXdLWTIwMWJHUkhWbnBOUWpSWVJGUkplazFFVlhoT2FrVjNUVVJCZDA5R2IxaEVWRTE2VFVSVmVFMTZSWGROUkVGM1QwWnZkMFpVUlZSTlFrVkhRVEZWUlFwQmVFMUxZVE5XYVZwWVNuVmFXRkpzWTNwRFEwRlRTWGRFVVZsS1MyOWFTV2gyWTA1QlVVVkNRbEZCUkdkblJWQkJSRU5EUVZGdlEyZG5SVUpCVFZORUNrbEZSSFYxVm5GaFdGY3lRbHBLVkZOSFRUSnFTVWxXU2t0V1RTczFSbmRYUTNJemVFbGlia3hzV2pBcmMwZDNTbXBuWWxWWlZ5OUVTMVphU0hWa1lUQUtaakI1WjFSdE5WQnpWV05FZWxCcE5YTkdPRVJrZVZGU1JsQTVUbVV5ZEZweGFXNURaVFYyUW0wM1FYcDBaRXMzVXpoaFUyMUJTRTlMTldaUmJrb3paZ3A0TkZsNlVXTlFkMVZTTmtwa2RXbElMMU40VUUxdlJYWlFSMEpJYjAweVdHNXBhblJoYVdkSlRYVjBZa3ROYUdWMlFXdzNlblUxUkdKVGNEUXlPSEl3Q2pOUVEwWm5lVTB5ZUhSVmRXWTJNMGhZTDBwaVJYQk9URTlLYzNWS1JFaEdXalp6ZWpOd1ZUQklVblJxTlZaeGExQnhiRUpzWkRSSVNuZ3lXREpYZG1RS1UwNXFkRmQxYTJjNWFHTk5jblF6TTJwTGRuWlFRbnB0TjFaMlVUSkZhMFkyTWxGNU0wODFXSGc1WVZFeVRUZHBjRGxQVmpCSVNXNVNZMjkzYWxoVGNBcHNRalIyVVVwdWVVZzJjRFpVYWt4V2NVOXpRMEYzUlVGQllVNWFUVVpqZDBSbldVUldVakJRUVZGSUwwSkJVVVJCWjB0clRVRTRSMEV4VldSRmQwVkNDaTkzVVVaTlFVMUNRV1k0ZDBoUldVUldVakJQUWtKWlJVWlBTMFI1V0Vnd1VqRkZMM2d5YldONUwwcFNOMWRRU2xRMlVrVk5RbFZIUVRGVlpFVlJVVThLVFVGNVEwTnRkREZaYlZaNVltMVdNRnBZVFhkRVVWbEtTMjlhU1doMlkwNUJVVVZNUWxGQlJHZG5SVUpCUjJGclZYZEVRMGRIVXpkT2RtcGhXR2xSVlFwdVowaDJhbk5uUzFOemF5dFRZeXN2TUVGWVFUbDZTMnd2UWl0cU56QnBLekI0VGtkb1REZzBNVE01VDA5TWJqbGlkbmRuYWs5cmNGcEljMnh0ZW01TkNreDVNMFpqVkhKWFVWTkNXbGRVVVV4NFVDdHplRVl2WlZKSFpFVjFjRkYyZDNKQ1FVZFJOVWxZV1VWSFVYZENSVVZJTmtsVEswbDBRVFJLWWxsNFZtWUtjbHBUY0daV1EyMHJiMWhLYzBWcmVHSjVWVUpCYnpGSk1GTlJhalZTWXpkU2FUVnFkMnhvUm10TlFYTk9NVXRYWjBkRU4wNUJVVGhqTHpKMk1sZHVXQXBpZUhsNk5XZFRNMEZaV1c5blRFRXdSRUZUYVU1bmFqVnllSGhJVjBoRWFFWlBaSEJNWWxKYUt6WnFRbWxRUTBWalFqaFlhVlJoWkdsTGNVaDBTMDFJQ25vd1YyaGtVREZCYlhkdGJUQXpjVVZqUVdFclVGbE5XbWhFV25wWGJWQllNaTlSYTFSUFUycHdNM1pXZWpaTU9GSnJiV3BVVERsemIxbEJObUpMWlZjS1RYRmpQUW90TFMwdExVVk9SQ0JEUlZKVVNVWkpRMEZVUlMwdExTMHRDZz09JyAtLWFwaXNlcnZlci1lbmRwb2ludCAnaHR0cHM6Ly85NzRBMjgyRTQ5MDgzM0VGNjJFMzI5RDFBQzhFOTNDNC5zazEuYXAtc291dGgtMS5la3MuYW1hem9uYXdzLmNvbScgIC0ta3ViZWxldC1leHRyYS1hcmdzICItLW5vZGUtbGFiZWxzPW5vZGUua3ViZXJuZXRlcy5pby9saWZlY3ljbGU9c3BvdCIgJ211a3RhLXByb2QnCgojIEFsbG93IHVzZXIgc3VwcGxpZWQgdXNlcmRhdGEgY29kZQoK",
            "vpc_classic_link_id": "",
            "vpc_classic_link_security_groups": []
          },
          "sensitive_attributes": [],
          "private": "bnVsbA==",
          "dependencies": [
            "module.eks.aws_cloudwatch_log_group.this",
            "module.eks.aws_eks_cluster.this",
            "module.eks.aws_iam_instance_profile.workers",
            "module.eks.aws_iam_role.cluster",
            "module.eks.aws_iam_role.workers",
            "module.eks.aws_iam_role_policy_attachment.cluster_AmazonEKSClusterPolicy",
            "module.eks.aws_iam_role_policy_attachment.cluster_AmazonEKSServicePolicy",
            "module.eks.aws_iam_role_policy_attachment.cluster_AmazonEKSVPCResourceControllerPolicy",
            "module.eks.aws_iam_role_policy_attachment.workers_AmazonEC2ContainerRegistryReadOnly",
            "module.eks.aws_iam_role_policy_attachment.workers_AmazonEKSWorkerNodePolicy",
            "module.eks.aws_iam_role_policy_attachment.workers_AmazonEKS_CNI_Policy",
            "module.eks.aws_iam_role_policy_attachment.workers_additional_policies",
            "module.eks.aws_security_group.cluster",
            "module.eks.aws_security_group.workers",
            "module.eks.aws_security_group_rule.cluster_egress_internet",
            "module.eks.aws_security_group_rule.cluster_https_worker_ingress",
            "module.eks.aws_security_group_rule.cluster_primary_ingress_workers",
            "module.eks.aws_security_group_rule.workers_egress_internet",
            "module.eks.aws_security_group_rule.workers_ingress_cluster",
            "module.eks.aws_security_group_rule.workers_ingress_cluster_https",
            "module.eks.aws_security_group_rule.workers_ingress_cluster_kubelet",
            "module.eks.aws_security_group_rule.workers_ingress_cluster_primary",
            "module.eks.aws_security_group_rule.workers_ingress_self",
            "module.eks.data.aws_ami.eks_worker",
            "module.eks.data.aws_ami.eks_worker_windows",
            "module.eks.data.aws_iam_instance_profile.custom_worker_group_iam_instance_profile",
            "module.eks.data.aws_iam_policy_document.cluster_assume_role_policy",
            "module.eks.data.aws_iam_policy_document.workers_assume_role_policy",
            "module.eks.data.aws_iam_role.custom_cluster_iam_role",
            "module.eks.data.aws_partition.current",
            "module.network.aws_subnet.private_subnet",
            "module.network.aws_subnet.public_subnet",
            "module.network.aws_vpc.vpc"
          ],
          "create_before_destroy": true
        }
      ]
    },
    {
      "module": "module.eks",
      "mode": "managed",
      "type": "aws_security_group",
      "name": "cluster",
      "provider": "provider[\"registry.terraform.io/hashicorp/aws\"]",
      "instances": [
        {
          "index_key": 0,
          "schema_version": 1,
          "attributes": {
            "arn": "arn:aws:ec2:ap-south-1:611316314659:security-group/sg-04ba378b8a5dc1c9a",
            "description": "EKS cluster security group.",
            "egress": [
              {
                "cidr_blocks": [
                  "0.0.0.0/0"
                ],
                "description": "Allow cluster egress access to the Internet.",
                "from_port": 0,
                "ipv6_cidr_blocks": [],
                "prefix_list_ids": [],
                "protocol": "-1",
                "security_groups": [],
                "self": false,
                "to_port": 0
              }
            ],
            "id": "sg-04ba378b8a5dc1c9a",
            "ingress": [
              {
                "cidr_blocks": [],
                "description": "Allow pods to communicate with the EKS cluster API.",
                "from_port": 443,
                "ipv6_cidr_blocks": [],
                "prefix_list_ids": [],
                "protocol": "tcp",
                "security_groups": [
                  "sg-09d7d044a9361779f"
                ],
                "self": false,
                "to_port": 443
              }
            ],
            "name": "mukta-prod2023051609550318260000001e",
            "name_prefix": "mukta-prod",
            "owner_id": "611316314659",
            "revoke_rules_on_delete": false,
            "tags": {
              "KubernetesCluster": "mukta-prod",
              "Name": "mukta-prod-eks_cluster_sg",
              "kubernetes.io/cluster/mukta-prod": "owned"
            },
            "tags_all": {
              "KubernetesCluster": "mukta-prod",
              "Name": "mukta-prod-eks_cluster_sg",
              "kubernetes.io/cluster/mukta-prod": "owned"
            },
            "timeouts": null,
            "vpc_id": "vpc-056c212de6b11b990"
          },
          "sensitive_attributes": [],
          "private": "eyJlMmJmYjczMC1lY2FhLTExZTYtOGY4OC0zNDM2M2JjN2M0YzAiOnsiY3JlYXRlIjo2MDAwMDAwMDAwMDAsImRlbGV0ZSI6OTAwMDAwMDAwMDAwfSwic2NoZW1hX3ZlcnNpb24iOiIxIn0=",
          "dependencies": [
            "module.network.aws_vpc.vpc"
          ],
          "create_before_destroy": true
        }
      ]
    },
    {
      "module": "module.eks",
      "mode": "managed",
      "type": "aws_security_group",
      "name": "workers",
      "provider": "provider[\"registry.terraform.io/hashicorp/aws\"]",
      "instances": [
        {
          "index_key": 0,
          "schema_version": 1,
          "attributes": {
            "arn": "arn:aws:ec2:ap-south-1:611316314659:security-group/sg-09d7d044a9361779f",
            "description": "Security group for all nodes in the cluster.",
            "egress": [
              {
                "cidr_blocks": [
                  "0.0.0.0/0"
                ],
                "description": "Allow nodes all egress to the Internet.",
                "from_port": 0,
                "ipv6_cidr_blocks": [],
                "prefix_list_ids": [],
                "protocol": "-1",
                "security_groups": [],
                "self": false,
                "to_port": 0
              }
            ],
            "id": "sg-09d7d044a9361779f",
            "ingress": [
              {
                "cidr_blocks": [],
                "description": "Allow node to communicate with each other.",
                "from_port": 0,
                "ipv6_cidr_blocks": [],
                "prefix_list_ids": [],
                "protocol": "-1",
                "security_groups": [],
                "self": true,
                "to_port": 0
              },
              {
                "cidr_blocks": [],
                "description": "Allow pods running extension API servers on port 443 to receive communication from cluster control plane.",
                "from_port": 443,
                "ipv6_cidr_blocks": [],
                "prefix_list_ids": [],
                "protocol": "tcp",
                "security_groups": [
                  "sg-04ba378b8a5dc1c9a"
                ],
                "self": false,
                "to_port": 443
              },
              {
                "cidr_blocks": [],
                "description": "Allow workers pods to receive communication from the cluster control plane.",
                "from_port": 1025,
                "ipv6_cidr_blocks": [],
                "prefix_list_ids": [],
                "protocol": "tcp",
                "security_groups": [
                  "sg-04ba378b8a5dc1c9a"
                ],
                "self": false,
                "to_port": 65535
              }
            ],
            "name": "mukta-prod2023051609550400650000001f",
            "name_prefix": "mukta-prod",
            "owner_id": "611316314659",
            "revoke_rules_on_delete": false,
            "tags": {
              "KubernetesCluster": "mukta-prod",
              "Name": "mukta-prod-eks_worker_sg",
              "kubernetes.io/cluster/mukta-prod": "owned"
            },
            "tags_all": {
              "KubernetesCluster": "mukta-prod",
              "Name": "mukta-prod-eks_worker_sg",
              "kubernetes.io/cluster/mukta-prod": "owned"
            },
            "timeouts": null,
            "vpc_id": "vpc-056c212de6b11b990"
          },
          "sensitive_attributes": [],
          "private": "eyJlMmJmYjczMC1lY2FhLTExZTYtOGY4OC0zNDM2M2JjN2M0YzAiOnsiY3JlYXRlIjo2MDAwMDAwMDAwMDAsImRlbGV0ZSI6OTAwMDAwMDAwMDAwfSwic2NoZW1hX3ZlcnNpb24iOiIxIn0=",
          "dependencies": [
            "module.network.aws_vpc.vpc"
          ],
          "create_before_destroy": true
        }
      ]
    },
    {
      "module": "module.eks",
      "mode": "managed",
      "type": "aws_security_group_rule",
      "name": "cluster_egress_internet",
      "provider": "provider[\"registry.terraform.io/hashicorp/aws\"]",
      "instances": [
        {
          "index_key": 0,
          "schema_version": 2,
          "attributes": {
            "cidr_blocks": [
              "0.0.0.0/0"
            ],
            "description": "Allow cluster egress access to the Internet.",
            "from_port": 0,
            "id": "sgrule-1368539159",
            "ipv6_cidr_blocks": null,
            "prefix_list_ids": null,
            "protocol": "-1",
            "security_group_id": "sg-04ba378b8a5dc1c9a",
            "security_group_rule_id": "sgr-033d2f496fc796b82",
            "self": false,
            "source_security_group_id": null,
            "timeouts": null,
            "to_port": 0,
            "type": "egress"
          },
          "sensitive_attributes": [],
          "private": "eyJlMmJmYjczMC1lY2FhLTExZTYtOGY4OC0zNDM2M2JjN2M0YzAiOnsiY3JlYXRlIjozMDAwMDAwMDAwMDB9LCJzY2hlbWFfdmVyc2lvbiI6IjIifQ==",
          "dependencies": [
            "module.eks.aws_security_group.cluster",
            "module.network.aws_vpc.vpc"
          ],
          "create_before_destroy": true
        }
      ]
    },
    {
      "module": "module.eks",
      "mode": "managed",
      "type": "aws_security_group_rule",
      "name": "cluster_https_worker_ingress",
      "provider": "provider[\"registry.terraform.io/hashicorp/aws\"]",
      "instances": [
        {
          "index_key": 0,
          "schema_version": 2,
          "attributes": {
            "cidr_blocks": null,
            "description": "Allow pods to communicate with the EKS cluster API.",
            "from_port": 443,
            "id": "sgrule-3416397279",
            "ipv6_cidr_blocks": null,
            "prefix_list_ids": null,
            "protocol": "tcp",
            "security_group_id": "sg-04ba378b8a5dc1c9a",
            "security_group_rule_id": "sgr-0b7d88c97dc7fee62",
            "self": false,
            "source_security_group_id": "sg-09d7d044a9361779f",
            "timeouts": null,
            "to_port": 443,
            "type": "ingress"
          },
          "sensitive_attributes": [],
          "private": "eyJlMmJmYjczMC1lY2FhLTExZTYtOGY4OC0zNDM2M2JjN2M0YzAiOnsiY3JlYXRlIjozMDAwMDAwMDAwMDB9LCJzY2hlbWFfdmVyc2lvbiI6IjIifQ==",
          "dependencies": [
            "module.eks.aws_security_group.cluster",
            "module.eks.aws_security_group.workers",
            "module.network.aws_vpc.vpc"
          ],
          "create_before_destroy": true
        }
      ]
    },
    {
      "module": "module.eks",
      "mode": "managed",
      "type": "aws_security_group_rule",
      "name": "workers_egress_internet",
      "provider": "provider[\"registry.terraform.io/hashicorp/aws\"]",
      "instances": [
        {
          "index_key": 0,
          "schema_version": 2,
          "attributes": {
            "cidr_blocks": [
              "0.0.0.0/0"
            ],
            "description": "Allow nodes all egress to the Internet.",
            "from_port": 0,
            "id": "sgrule-132835045",
            "ipv6_cidr_blocks": null,
            "prefix_list_ids": null,
            "protocol": "-1",
            "security_group_id": "sg-09d7d044a9361779f",
            "security_group_rule_id": "sgr-0fbb84e22cc7ac565",
            "self": false,
            "source_security_group_id": null,
            "timeouts": null,
            "to_port": 0,
            "type": "egress"
          },
          "sensitive_attributes": [],
          "private": "eyJlMmJmYjczMC1lY2FhLTExZTYtOGY4OC0zNDM2M2JjN2M0YzAiOnsiY3JlYXRlIjozMDAwMDAwMDAwMDB9LCJzY2hlbWFfdmVyc2lvbiI6IjIifQ==",
          "dependencies": [
            "module.eks.aws_security_group.workers",
            "module.network.aws_vpc.vpc"
          ],
          "create_before_destroy": true
        }
      ]
    },
    {
      "module": "module.eks",
      "mode": "managed",
      "type": "aws_security_group_rule",
      "name": "workers_ingress_cluster",
      "provider": "provider[\"registry.terraform.io/hashicorp/aws\"]",
      "instances": [
        {
          "index_key": 0,
          "schema_version": 2,
          "attributes": {
            "cidr_blocks": null,
            "description": "Allow workers pods to receive communication from the cluster control plane.",
            "from_port": 1025,
            "id": "sgrule-3443600673",
            "ipv6_cidr_blocks": null,
            "prefix_list_ids": null,
            "protocol": "tcp",
            "security_group_id": "sg-09d7d044a9361779f",
            "security_group_rule_id": "sgr-078880e154bdcd6ac",
            "self": false,
            "source_security_group_id": "sg-04ba378b8a5dc1c9a",
            "timeouts": null,
            "to_port": 65535,
            "type": "ingress"
          },
          "sensitive_attributes": [],
          "private": "eyJlMmJmYjczMC1lY2FhLTExZTYtOGY4OC0zNDM2M2JjN2M0YzAiOnsiY3JlYXRlIjozMDAwMDAwMDAwMDB9LCJzY2hlbWFfdmVyc2lvbiI6IjIifQ==",
          "dependencies": [
            "module.eks.aws_security_group.cluster",
            "module.eks.aws_security_group.workers",
            "module.network.aws_vpc.vpc"
          ],
          "create_before_destroy": true
        }
      ]
    },
    {
      "module": "module.eks",
      "mode": "managed",
      "type": "aws_security_group_rule",
      "name": "workers_ingress_cluster_https",
      "provider": "provider[\"registry.terraform.io/hashicorp/aws\"]",
      "instances": [
        {
          "index_key": 0,
          "schema_version": 2,
          "attributes": {
            "cidr_blocks": null,
            "description": "Allow pods running extension API servers on port 443 to receive communication from cluster control plane.",
            "from_port": 443,
            "id": "sgrule-317233262",
            "ipv6_cidr_blocks": null,
            "prefix_list_ids": null,
            "protocol": "tcp",
            "security_group_id": "sg-09d7d044a9361779f",
            "security_group_rule_id": "sgr-00f687affadfa264b",
            "self": false,
            "source_security_group_id": "sg-04ba378b8a5dc1c9a",
            "timeouts": null,
            "to_port": 443,
            "type": "ingress"
          },
          "sensitive_attributes": [],
          "private": "eyJlMmJmYjczMC1lY2FhLTExZTYtOGY4OC0zNDM2M2JjN2M0YzAiOnsiY3JlYXRlIjozMDAwMDAwMDAwMDB9LCJzY2hlbWFfdmVyc2lvbiI6IjIifQ==",
          "dependencies": [
            "module.eks.aws_security_group.cluster",
            "module.eks.aws_security_group.workers",
            "module.network.aws_vpc.vpc"
          ],
          "create_before_destroy": true
        }
      ]
    },
    {
      "module": "module.eks",
      "mode": "managed",
      "type": "aws_security_group_rule",
      "name": "workers_ingress_self",
      "provider": "provider[\"registry.terraform.io/hashicorp/aws\"]",
      "instances": [
        {
          "index_key": 0,
          "schema_version": 2,
          "attributes": {
            "cidr_blocks": null,
            "description": "Allow node to communicate with each other.",
            "from_port": 0,
            "id": "sgrule-3823759074",
            "ipv6_cidr_blocks": null,
            "prefix_list_ids": null,
            "protocol": "-1",
            "security_group_id": "sg-09d7d044a9361779f",
            "security_group_rule_id": "sgr-0c78e30b6832c67c7",
            "self": false,
            "source_security_group_id": "sg-09d7d044a9361779f",
            "timeouts": null,
            "to_port": 0,
            "type": "ingress"
          },
          "sensitive_attributes": [],
          "private": "eyJlMmJmYjczMC1lY2FhLTExZTYtOGY4OC0zNDM2M2JjN2M0YzAiOnsiY3JlYXRlIjozMDAwMDAwMDAwMDB9LCJzY2hlbWFfdmVyc2lvbiI6IjIifQ==",
          "dependencies": [
            "module.eks.aws_security_group.workers",
            "module.network.aws_vpc.vpc"
          ],
          "create_before_destroy": true
        }
      ]
    },
    {
      "module": "module.eks",
      "mode": "managed",
      "type": "kubernetes_config_map",
      "name": "aws_auth",
      "provider": "provider[\"registry.terraform.io/hashicorp/kubernetes\"]",
      "instances": [
        {
          "index_key": 0,
          "schema_version": 0,
          "attributes": {
            "binary_data": {},
            "data": {
              "mapAccounts": "[]\n",
              "mapRoles": "- \"groups\":\n  - \"system:bootstrappers\"\n  - \"system:nodes\"\n  \"rolearn\": \"arn:aws:iam::611316314659:role/mukta-prod20230516100423444700000021\"\n  \"username\": \"system:node:{{EC2PrivateDNSName}}\"\n",
              "mapUsers": "[]\n"
            },
            "id": "kube-system/aws-auth",
            "immutable": false,
            "metadata": [
              {
                "annotations": {},
                "generate_name": "",
                "generation": 0,
                "labels": {
                  "app.kubernetes.io/managed-by": "Terraform",
                  "terraform.io/module": "terraform-aws-modules.eks.aws"
                },
                "name": "aws-auth",
                "namespace": "kube-system",
                "resource_version": "1080",
                "uid": "dee9fb20-872f-440e-81b1-f7887b883c15"
              }
            ]
          },
          "sensitive_attributes": [],
          "private": "bnVsbA==",
          "dependencies": [
            "data.aws_eks_cluster.cluster",
            "data.aws_eks_cluster_auth.cluster",
            "module.eks.aws_cloudwatch_log_group.this",
            "module.eks.aws_eks_cluster.this",
            "module.eks.aws_iam_instance_profile.workers",
            "module.eks.aws_iam_instance_profile.workers_launch_template",
            "module.eks.aws_iam_role.cluster",
            "module.eks.aws_iam_role.workers",
            "module.eks.aws_iam_role_policy_attachment.cluster_AmazonEKSClusterPolicy",
            "module.eks.aws_iam_role_policy_attachment.cluster_AmazonEKSServicePolicy",
            "module.eks.aws_iam_role_policy_attachment.cluster_AmazonEKSVPCResourceControllerPolicy",
            "module.eks.aws_iam_role_policy_attachment.workers_AmazonEC2ContainerRegistryReadOnly",
            "module.eks.aws_iam_role_policy_attachment.workers_AmazonEKSWorkerNodePolicy",
            "module.eks.aws_iam_role_policy_attachment.workers_AmazonEKS_CNI_Policy",
            "module.eks.aws_security_group.cluster",
            "module.eks.aws_security_group.workers",
            "module.eks.aws_security_group_rule.cluster_egress_internet",
            "module.eks.aws_security_group_rule.cluster_https_worker_ingress",
            "module.eks.aws_security_group_rule.cluster_private_access_cidrs_source",
            "module.eks.aws_security_group_rule.cluster_private_access_sg_source",
            "module.eks.data.aws_ami.eks_worker",
            "module.eks.data.aws_ami.eks_worker_windows",
            "module.eks.data.aws_caller_identity.current",
            "module.eks.data.aws_iam_instance_profile.custom_worker_group_iam_instance_profile",
            "module.eks.data.aws_iam_instance_profile.custom_worker_group_launch_template_iam_instance_profile",
            "module.eks.data.aws_iam_policy_document.cluster_assume_role_policy",
            "module.eks.data.aws_iam_policy_document.workers_assume_role_policy",
            "module.eks.data.aws_iam_role.custom_cluster_iam_role",
            "module.eks.data.aws_partition.current",
            "module.eks.data.http.wait_for_cluster",
            "module.eks.module.fargate.aws_iam_role.eks_fargate_pod",
            "module.eks.module.fargate.data.aws_iam_policy_document.eks_fargate_pod_assume_role",
            "module.eks.module.fargate.data.aws_iam_role.custom_fargate_iam_role",
            "module.network.aws_subnet.private_subnet",
            "module.network.aws_subnet.public_subnet",
            "module.network.aws_vpc.vpc"
          ]
        }
      ]
    },
    {
      "module": "module.eks",
      "mode": "managed",
      "type": "local_file",
      "name": "kubeconfig",
      "provider": "provider[\"registry.terraform.io/hashicorp/local\"]",
      "instances": [
        {
          "index_key": 0,
          "schema_version": 0,
          "attributes": {
            "content": "apiVersion: v1\npreferences: {}\nkind: Config\n\nclusters:\n- cluster:\n    server: https://974A282E490833EF62E329D1AC8E93C4.sk1.ap-south-1.eks.amazonaws.com\n    certificate-authority-data: LS0tLS1CRUdJTiBDRVJUSUZJQ0FURS0tLS0tCk1JSUMvakNDQWVhZ0F3SUJBZ0lCQURBTkJna3Foa2lHOXcwQkFRc0ZBREFWTVJNd0VRWURWUVFERXdwcmRXSmwKY201bGRHVnpNQjRYRFRJek1EVXhOakV3TURBd09Gb1hEVE16TURVeE16RXdNREF3T0Zvd0ZURVRNQkVHQTFVRQpBeE1LYTNWaVpYSnVaWFJsY3pDQ0FTSXdEUVlKS29aSWh2Y05BUUVCQlFBRGdnRVBBRENDQVFvQ2dnRUJBTVNECklFRHV1VnFhWFcyQlpKVFNHTTJqSUlWSktWTSs1RndXQ3IzeElibkxsWjArc0d3SmpnYlVZVy9ES1ZaSHVkYTAKZjB5Z1RtNVBzVWNEelBpNXNGOERkeVFSRlA5TmUydFpxaW5DZTV2Qm03QXp0ZEs3UzhhU21BSE9LNWZRbkozZgp4NFl6UWNQd1VSNkpkdWlIL1N4UE1vRXZQR0JIb00yWG5panRhaWdJTXV0YktNaGV2QWw3enU1RGJTcDQyOHIwCjNQQ0ZneU0yeHRVdWY2M0hYL0piRXBOTE9Kc3VKREhGWjZzejNwVTBIUnRqNVZxa1BxbEJsZDRISngyWDJXdmQKU05qdFd1a2c5aGNNcnQzM2pLdnZQQnptN1Z2UTJFa0Y2MlF5M081WHg5YVEyTTdpcDlPVjBISW5SY293alhTcApsQjR2UUpueUg2cDZUakxWcU9zQ0F3RUFBYU5aTUZjd0RnWURWUjBQQVFIL0JBUURBZ0trTUE4R0ExVWRFd0VCCi93UUZNQU1CQWY4d0hRWURWUjBPQkJZRUZPS0R5WEgwUjFFL3gybWN5L0pSN1dQSlQ2UkVNQlVHQTFVZEVRUU8KTUF5Q0NtdDFZbVZ5Ym1WMFpYTXdEUVlKS29aSWh2Y05BUUVMQlFBRGdnRUJBR2FrVXdEQ0dHUzdOdmphWGlRVQpuZ0h2anNnS1NzaytTYysvMEFYQTl6S2wvQitqNzBpKzB4TkdoTDg0MTM5T09Mbjlidndnak9rcFpIc2xtem5NCkx5M0ZjVHJXUVNCWldUUUx4UCtzeEYvZVJHZEV1cFF2d3JCQUdRNUlYWUVHUXdCRUVINklTK0l0QTRKYll4VmYKclpTcGZWQ20rb1hKc0VreGJ5VUJBbzFJMFNRajVSYzdSaTVqd2xoRmtNQXNOMUtXZ0dEN05BUThjLzJ2MlduWApieHl6NWdTM0FZWW9nTEEwREFTaU5najVyeHhIV0hEaEZPZHBMYlJaKzZqQmlQQ0VjQjhYaVRhZGlLcUh0S01ICnowV2hkUDFBbXdtbTAzcUVjQWErUFlNWmhEWnpXbVBYMi9Ra1RPU2pwM3ZWejZMOFJrbWpUTDlzb1lBNmJLZVcKTXFjPQotLS0tLUVORCBDRVJUSUZJQ0FURS0tLS0tCg==\n  name: eks_mukta-prod\n\ncontexts:\n- context:\n    cluster: eks_mukta-prod\n    user: eks_mukta-prod\n  name: eks_mukta-prod\n\ncurrent-context: eks_mukta-prod\n\nusers:\n- name: eks_mukta-prod\n  user:\n    exec:\n      apiVersion: client.authentication.k8s.io/v1alpha1\n      command: aws-iam-authenticator\n      args:\n        - \"token\"\n        - \"-i\"\n        - \"mukta-prod\"\n",
            "content_base64": null,
            "content_base64sha256": "c2pAuMfFSosV/AIMY058IYTG2AwRIq+VWabVbFGMuvQ=",
            "content_base64sha512": "oxbBDxRc5OkqJVHEnYjbcJ2Kq6N4Y3itW+3RwRbHveFN/Ds5/T57GdzAaVQqnMAiZQtJZGzKFAIDjxfI46n9PQ==",
            "content_md5": "5c4e37fc10a5358a5bcf7347af2ecd52",
            "content_sha1": "4930e7a8193dc7aeb1d80cc7cc107fa711fcbdfe",
            "content_sha256": "736a40b8c7c54a8b15fc020c634e7c2184c6d80c1122af9559a6d56c518cbaf4",
            "content_sha512": "a316c10f145ce4e92a2551c49d88db709d8aaba3786378ad5bedd1c116c7bde14dfc3b39fd3e7b19dcc069542a9cc022650b49646cca1402038f17c8e3a9fd3d",
            "directory_permission": "0755",
            "file_permission": "0600",
            "filename": "./kubeconfig_mukta-prod",
            "id": "4930e7a8193dc7aeb1d80cc7cc107fa711fcbdfe",
            "sensitive_content": null,
            "source": null
          },
          "sensitive_attributes": [],
          "dependencies": [
            "module.eks.aws_cloudwatch_log_group.this",
            "module.eks.aws_eks_cluster.this",
            "module.eks.aws_iam_role.cluster",
            "module.eks.aws_iam_role_policy_attachment.cluster_AmazonEKSClusterPolicy",
            "module.eks.aws_iam_role_policy_attachment.cluster_AmazonEKSServicePolicy",
            "module.eks.aws_iam_role_policy_attachment.cluster_AmazonEKSVPCResourceControllerPolicy",
            "module.eks.aws_security_group.cluster",
            "module.eks.aws_security_group.workers",
            "module.eks.aws_security_group_rule.cluster_egress_internet",
            "module.eks.aws_security_group_rule.cluster_https_worker_ingress",
            "module.eks.data.aws_iam_policy_document.cluster_assume_role_policy",
            "module.eks.data.aws_iam_role.custom_cluster_iam_role",
            "module.eks.data.aws_partition.current",
            "module.network.aws_subnet.private_subnet",
            "module.network.aws_subnet.public_subnet",
            "module.network.aws_vpc.vpc"
          ]
        }
      ]
    },
    {
      "module": "module.eks.module.fargate",
      "mode": "data",
      "type": "aws_partition",
      "name": "current",
      "provider": "provider[\"registry.terraform.io/hashicorp/aws\"]",
      "instances": [
        {
          "schema_version": 0,
          "attributes": {
            "dns_suffix": "amazonaws.com",
            "id": "aws",
            "partition": "aws",
            "reverse_dns_prefix": "com.amazonaws"
          },
          "sensitive_attributes": []
        }
      ]
    },
    {
      "module": "module.es-data-infra-v1",
      "mode": "managed",
      "type": "aws_ebs_volume",
      "name": "vol",
      "provider": "provider[\"registry.terraform.io/hashicorp/aws\"]",
      "instances": [
        {
          "index_key": 0,
          "schema_version": 0,
          "attributes": {
            "arn": "arn:aws:ec2:ap-south-1:611316314659:volume/vol-0991da4a5283cd50f",
            "availability_zone": "ap-south-1b",
            "encrypted": false,
            "final_snapshot": false,
            "id": "vol-0991da4a5283cd50f",
            "iops": 100,
            "kms_key_id": "",
            "multi_attach_enabled": false,
            "outpost_arn": "",
            "size": 25,
            "snapshot_id": "",
            "tags": {
              "KubernetesCluster": "mukta-prod",
              "Name": "es-data-infra-v1-0"
            },
            "tags_all": {
              "KubernetesCluster": "mukta-prod",
              "Name": "es-data-infra-v1-0"
            },
            "throughput": 0,
            "timeouts": null,
            "type": "gp2"
          },
          "sensitive_attributes": [],
          "private": "eyJlMmJmYjczMC1lY2FhLTExZTYtOGY4OC0zNDM2M2JjN2M0YzAiOnsiY3JlYXRlIjozMDAwMDAwMDAwMDAsImRlbGV0ZSI6MzAwMDAwMDAwMDAwLCJ1cGRhdGUiOjMwMDAwMDAwMDAwMH19"
        },
        {
          "index_key": 1,
          "schema_version": 0,
          "attributes": {
            "arn": "arn:aws:ec2:ap-south-1:611316314659:volume/vol-0ecf798d8b5273240",
            "availability_zone": "ap-south-1b",
            "encrypted": false,
            "final_snapshot": false,
            "id": "vol-0ecf798d8b5273240",
            "iops": 100,
            "kms_key_id": "",
            "multi_attach_enabled": false,
            "outpost_arn": "",
            "size": 25,
            "snapshot_id": "",
            "tags": {
              "KubernetesCluster": "mukta-prod",
              "Name": "es-data-infra-v1-1"
            },
            "tags_all": {
              "KubernetesCluster": "mukta-prod",
              "Name": "es-data-infra-v1-1"
            },
            "throughput": 0,
            "timeouts": null,
            "type": "gp2"
          },
          "sensitive_attributes": [],
          "private": "eyJlMmJmYjczMC1lY2FhLTExZTYtOGY4OC0zNDM2M2JjN2M0YzAiOnsiY3JlYXRlIjozMDAwMDAwMDAwMDAsImRlbGV0ZSI6MzAwMDAwMDAwMDAwLCJ1cGRhdGUiOjMwMDAwMDAwMDAwMH19"
        },
        {
          "index_key": 2,
          "schema_version": 0,
          "attributes": {
            "arn": "arn:aws:ec2:ap-south-1:611316314659:volume/vol-04a069641acfa9d9f",
            "availability_zone": "ap-south-1b",
            "encrypted": false,
            "final_snapshot": false,
            "id": "vol-04a069641acfa9d9f",
            "iops": 100,
            "kms_key_id": "",
            "multi_attach_enabled": false,
            "outpost_arn": "",
            "size": 25,
            "snapshot_id": "",
            "tags": {
              "KubernetesCluster": "mukta-prod",
              "Name": "es-data-infra-v1-2"
            },
            "tags_all": {
              "KubernetesCluster": "mukta-prod",
              "Name": "es-data-infra-v1-2"
            },
            "throughput": 0,
            "timeouts": null,
            "type": "gp2"
          },
          "sensitive_attributes": [],
          "private": "eyJlMmJmYjczMC1lY2FhLTExZTYtOGY4OC0zNDM2M2JjN2M0YzAiOnsiY3JlYXRlIjozMDAwMDAwMDAwMDAsImRlbGV0ZSI6MzAwMDAwMDAwMDAwLCJ1cGRhdGUiOjMwMDAwMDAwMDAwMH19"
        }
      ]
    },
    {
      "module": "module.es-data-v1",
      "mode": "managed",
      "type": "aws_ebs_volume",
      "name": "vol",
      "provider": "provider[\"registry.terraform.io/hashicorp/aws\"]",
      "instances": [
        {
          "index_key": 0,
          "schema_version": 0,
          "attributes": {
            "arn": "arn:aws:ec2:ap-south-1:611316314659:volume/vol-0113c7c46923efba5",
            "availability_zone": "ap-south-1b",
            "encrypted": false,
            "final_snapshot": false,
            "id": "vol-0113c7c46923efba5",
            "iops": 100,
            "kms_key_id": "",
            "multi_attach_enabled": false,
            "outpost_arn": "",
            "size": 25,
            "snapshot_id": "",
            "tags": {
              "KubernetesCluster": "mukta-prod",
              "Name": "es-data-v1-0"
            },
            "tags_all": {
              "KubernetesCluster": "mukta-prod",
              "Name": "es-data-v1-0"
            },
            "throughput": 0,
            "timeouts": null,
            "type": "gp2"
          },
          "sensitive_attributes": [],
          "private": "eyJlMmJmYjczMC1lY2FhLTExZTYtOGY4OC0zNDM2M2JjN2M0YzAiOnsiY3JlYXRlIjozMDAwMDAwMDAwMDAsImRlbGV0ZSI6MzAwMDAwMDAwMDAwLCJ1cGRhdGUiOjMwMDAwMDAwMDAwMH19"
        },
        {
          "index_key": 1,
          "schema_version": 0,
          "attributes": {
            "arn": "arn:aws:ec2:ap-south-1:611316314659:volume/vol-01800d0b56eb1af7b",
            "availability_zone": "ap-south-1b",
            "encrypted": false,
            "final_snapshot": false,
            "id": "vol-01800d0b56eb1af7b",
            "iops": 100,
            "kms_key_id": "",
            "multi_attach_enabled": false,
            "outpost_arn": "",
            "size": 25,
            "snapshot_id": "",
            "tags": {
              "KubernetesCluster": "mukta-prod",
              "Name": "es-data-v1-1"
            },
            "tags_all": {
              "KubernetesCluster": "mukta-prod",
              "Name": "es-data-v1-1"
            },
            "throughput": 0,
            "timeouts": null,
            "type": "gp2"
          },
          "sensitive_attributes": [],
          "private": "eyJlMmJmYjczMC1lY2FhLTExZTYtOGY4OC0zNDM2M2JjN2M0YzAiOnsiY3JlYXRlIjozMDAwMDAwMDAwMDAsImRlbGV0ZSI6MzAwMDAwMDAwMDAwLCJ1cGRhdGUiOjMwMDAwMDAwMDAwMH19"
        },
        {
          "index_key": 2,
          "schema_version": 0,
          "attributes": {
            "arn": "arn:aws:ec2:ap-south-1:611316314659:volume/vol-05d808e2c25e2aa0b",
            "availability_zone": "ap-south-1b",
            "encrypted": false,
            "final_snapshot": false,
            "id": "vol-05d808e2c25e2aa0b",
            "iops": 100,
            "kms_key_id": "",
            "multi_attach_enabled": false,
            "outpost_arn": "",
            "size": 25,
            "snapshot_id": "",
            "tags": {
              "KubernetesCluster": "mukta-prod",
              "Name": "es-data-v1-2"
            },
            "tags_all": {
              "KubernetesCluster": "mukta-prod",
              "Name": "es-data-v1-2"
            },
            "throughput": 0,
            "timeouts": null,
            "type": "gp2"
          },
          "sensitive_attributes": [],
          "private": "eyJlMmJmYjczMC1lY2FhLTExZTYtOGY4OC0zNDM2M2JjN2M0YzAiOnsiY3JlYXRlIjozMDAwMDAwMDAwMDAsImRlbGV0ZSI6MzAwMDAwMDAwMDAwLCJ1cGRhdGUiOjMwMDAwMDAwMDAwMH19"
        }
      ]
    },
    {
      "module": "module.es-master",
      "mode": "managed",
      "type": "aws_ebs_volume",
      "name": "vol",
      "provider": "provider[\"registry.terraform.io/hashicorp/aws\"]",
      "instances": [
        {
          "index_key": 0,
          "schema_version": 0,
          "attributes": {
            "arn": "arn:aws:ec2:ap-south-1:611316314659:volume/vol-0fcf54b64c89a5eae",
            "availability_zone": "ap-south-1b",
            "encrypted": false,
            "final_snapshot": false,
            "id": "vol-0fcf54b64c89a5eae",
            "iops": 100,
            "kms_key_id": "",
            "multi_attach_enabled": false,
            "outpost_arn": "",
            "size": 2,
            "snapshot_id": "",
            "tags": {
              "KubernetesCluster": "mukta-prod",
              "Name": "es-master-0"
            },
            "tags_all": {
              "KubernetesCluster": "mukta-prod",
              "Name": "es-master-0"
            },
            "throughput": 0,
            "timeouts": null,
            "type": "gp2"
          },
          "sensitive_attributes": [],
          "private": "eyJlMmJmYjczMC1lY2FhLTExZTYtOGY4OC0zNDM2M2JjN2M0YzAiOnsiY3JlYXRlIjozMDAwMDAwMDAwMDAsImRlbGV0ZSI6MzAwMDAwMDAwMDAwLCJ1cGRhdGUiOjMwMDAwMDAwMDAwMH19"
        },
        {
          "index_key": 1,
          "schema_version": 0,
          "attributes": {
            "arn": "arn:aws:ec2:ap-south-1:611316314659:volume/vol-055f04e203dec7c7a",
            "availability_zone": "ap-south-1b",
            "encrypted": false,
            "final_snapshot": false,
            "id": "vol-055f04e203dec7c7a",
            "iops": 100,
            "kms_key_id": "",
            "multi_attach_enabled": false,
            "outpost_arn": "",
            "size": 2,
            "snapshot_id": "",
            "tags": {
              "KubernetesCluster": "mukta-prod",
              "Name": "es-master-1"
            },
            "tags_all": {
              "KubernetesCluster": "mukta-prod",
              "Name": "es-master-1"
            },
            "throughput": 0,
            "timeouts": null,
            "type": "gp2"
          },
          "sensitive_attributes": [],
          "private": "eyJlMmJmYjczMC1lY2FhLTExZTYtOGY4OC0zNDM2M2JjN2M0YzAiOnsiY3JlYXRlIjozMDAwMDAwMDAwMDAsImRlbGV0ZSI6MzAwMDAwMDAwMDAwLCJ1cGRhdGUiOjMwMDAwMDAwMDAwMH19"
        },
        {
          "index_key": 2,
          "schema_version": 0,
          "attributes": {
            "arn": "arn:aws:ec2:ap-south-1:611316314659:volume/vol-0291f0eb079dbf18c",
            "availability_zone": "ap-south-1b",
            "encrypted": false,
            "final_snapshot": false,
            "id": "vol-0291f0eb079dbf18c",
            "iops": 100,
            "kms_key_id": "",
            "multi_attach_enabled": false,
            "outpost_arn": "",
            "size": 2,
            "snapshot_id": "",
            "tags": {
              "KubernetesCluster": "mukta-prod",
              "Name": "es-master-2"
            },
            "tags_all": {
              "KubernetesCluster": "mukta-prod",
              "Name": "es-master-2"
            },
            "throughput": 0,
            "timeouts": null,
            "type": "gp2"
          },
          "sensitive_attributes": [],
          "private": "eyJlMmJmYjczMC1lY2FhLTExZTYtOGY4OC0zNDM2M2JjN2M0YzAiOnsiY3JlYXRlIjozMDAwMDAwMDAwMDAsImRlbGV0ZSI6MzAwMDAwMDAwMDAwLCJ1cGRhdGUiOjMwMDAwMDAwMDAwMH19"
        }
      ]
    },
    {
      "module": "module.es-master-infra",
      "mode": "managed",
      "type": "aws_ebs_volume",
      "name": "vol",
      "provider": "provider[\"registry.terraform.io/hashicorp/aws\"]",
      "instances": [
        {
          "index_key": 0,
          "schema_version": 0,
          "attributes": {
            "arn": "arn:aws:ec2:ap-south-1:611316314659:volume/vol-0c46551b5ed7ee04e",
            "availability_zone": "ap-south-1b",
            "encrypted": false,
            "final_snapshot": false,
            "id": "vol-0c46551b5ed7ee04e",
            "iops": 100,
            "kms_key_id": "",
            "multi_attach_enabled": false,
            "outpost_arn": "",
            "size": 2,
            "snapshot_id": "",
            "tags": {
              "KubernetesCluster": "mukta-prod",
              "Name": "es-master-infra-0"
            },
            "tags_all": {
              "KubernetesCluster": "mukta-prod",
              "Name": "es-master-infra-0"
            },
            "throughput": 0,
            "timeouts": null,
            "type": "gp2"
          },
          "sensitive_attributes": [],
          "private": "eyJlMmJmYjczMC1lY2FhLTExZTYtOGY4OC0zNDM2M2JjN2M0YzAiOnsiY3JlYXRlIjozMDAwMDAwMDAwMDAsImRlbGV0ZSI6MzAwMDAwMDAwMDAwLCJ1cGRhdGUiOjMwMDAwMDAwMDAwMH19"
        },
        {
          "index_key": 1,
          "schema_version": 0,
          "attributes": {
            "arn": "arn:aws:ec2:ap-south-1:611316314659:volume/vol-0b603fde076e6d054",
            "availability_zone": "ap-south-1b",
            "encrypted": false,
            "final_snapshot": false,
            "id": "vol-0b603fde076e6d054",
            "iops": 100,
            "kms_key_id": "",
            "multi_attach_enabled": false,
            "outpost_arn": "",
            "size": 2,
            "snapshot_id": "",
            "tags": {
              "KubernetesCluster": "mukta-prod",
              "Name": "es-master-infra-1"
            },
            "tags_all": {
              "KubernetesCluster": "mukta-prod",
              "Name": "es-master-infra-1"
            },
            "throughput": 0,
            "timeouts": null,
            "type": "gp2"
          },
          "sensitive_attributes": [],
          "private": "eyJlMmJmYjczMC1lY2FhLTExZTYtOGY4OC0zNDM2M2JjN2M0YzAiOnsiY3JlYXRlIjozMDAwMDAwMDAwMDAsImRlbGV0ZSI6MzAwMDAwMDAwMDAwLCJ1cGRhdGUiOjMwMDAwMDAwMDAwMH19"
        },
        {
          "index_key": 2,
          "schema_version": 0,
          "attributes": {
            "arn": "arn:aws:ec2:ap-south-1:611316314659:volume/vol-03d9a8c7ee8c54fa2",
            "availability_zone": "ap-south-1b",
            "encrypted": false,
            "final_snapshot": false,
            "id": "vol-03d9a8c7ee8c54fa2",
            "iops": 100,
            "kms_key_id": "",
            "multi_attach_enabled": false,
            "outpost_arn": "",
            "size": 2,
            "snapshot_id": "",
            "tags": {
              "KubernetesCluster": "mukta-prod",
              "Name": "es-master-infra-2"
            },
            "tags_all": {
              "KubernetesCluster": "mukta-prod",
              "Name": "es-master-infra-2"
            },
            "throughput": 0,
            "timeouts": null,
            "type": "gp2"
          },
          "sensitive_attributes": [],
          "private": "eyJlMmJmYjczMC1lY2FhLTExZTYtOGY4OC0zNDM2M2JjN2M0YzAiOnsiY3JlYXRlIjozMDAwMDAwMDAwMDAsImRlbGV0ZSI6MzAwMDAwMDAwMDAwLCJ1cGRhdGUiOjMwMDAwMDAwMDAwMH19"
        }
      ]
    },
    {
      "module": "module.kafka",
      "mode": "managed",
      "type": "aws_ebs_volume",
      "name": "vol",
      "provider": "provider[\"registry.terraform.io/hashicorp/aws\"]",
      "instances": [
        {
          "index_key": 0,
          "schema_version": 0,
          "attributes": {
            "arn": "arn:aws:ec2:ap-south-1:611316314659:volume/vol-0d58135610e51e936",
            "availability_zone": "ap-south-1b",
            "encrypted": false,
            "final_snapshot": false,
            "id": "vol-0d58135610e51e936",
            "iops": 150,
            "kms_key_id": "",
            "multi_attach_enabled": false,
            "outpost_arn": "",
            "size": 50,
            "snapshot_id": "",
            "tags": {
              "KubernetesCluster": "mukta-prod",
              "Name": "kafka-0"
            },
            "tags_all": {
              "KubernetesCluster": "mukta-prod",
              "Name": "kafka-0"
            },
            "throughput": 0,
            "timeouts": null,
            "type": "gp2"
          },
          "sensitive_attributes": [],
          "private": "eyJlMmJmYjczMC1lY2FhLTExZTYtOGY4OC0zNDM2M2JjN2M0YzAiOnsiY3JlYXRlIjozMDAwMDAwMDAwMDAsImRlbGV0ZSI6MzAwMDAwMDAwMDAwLCJ1cGRhdGUiOjMwMDAwMDAwMDAwMH19"
        },
        {
          "index_key": 1,
          "schema_version": 0,
          "attributes": {
            "arn": "arn:aws:ec2:ap-south-1:611316314659:volume/vol-0c02e4ddb81ecb841",
            "availability_zone": "ap-south-1b",
            "encrypted": false,
            "final_snapshot": false,
            "id": "vol-0c02e4ddb81ecb841",
            "iops": 150,
            "kms_key_id": "",
            "multi_attach_enabled": false,
            "outpost_arn": "",
            "size": 50,
            "snapshot_id": "",
            "tags": {
              "KubernetesCluster": "mukta-prod",
              "Name": "kafka-1"
            },
            "tags_all": {
              "KubernetesCluster": "mukta-prod",
              "Name": "kafka-1"
            },
            "throughput": 0,
            "timeouts": null,
            "type": "gp2"
          },
          "sensitive_attributes": [],
          "private": "eyJlMmJmYjczMC1lY2FhLTExZTYtOGY4OC0zNDM2M2JjN2M0YzAiOnsiY3JlYXRlIjozMDAwMDAwMDAwMDAsImRlbGV0ZSI6MzAwMDAwMDAwMDAwLCJ1cGRhdGUiOjMwMDAwMDAwMDAwMH19"
        },
        {
          "index_key": 2,
          "schema_version": 0,
          "attributes": {
            "arn": "arn:aws:ec2:ap-south-1:611316314659:volume/vol-046adb00b753f9035",
            "availability_zone": "ap-south-1b",
            "encrypted": false,
            "final_snapshot": false,
            "id": "vol-046adb00b753f9035",
            "iops": 150,
            "kms_key_id": "",
            "multi_attach_enabled": false,
            "outpost_arn": "",
            "size": 50,
            "snapshot_id": "",
            "tags": {
              "KubernetesCluster": "mukta-prod",
              "Name": "kafka-2"
            },
            "tags_all": {
              "KubernetesCluster": "mukta-prod",
              "Name": "kafka-2"
            },
            "throughput": 0,
            "timeouts": null,
            "type": "gp2"
          },
          "sensitive_attributes": [],
          "private": "eyJlMmJmYjczMC1lY2FhLTExZTYtOGY4OC0zNDM2M2JjN2M0YzAiOnsiY3JlYXRlIjozMDAwMDAwMDAwMDAsImRlbGV0ZSI6MzAwMDAwMDAwMDAwLCJ1cGRhdGUiOjMwMDAwMDAwMDAwMH19"
        }
      ]
    },
    {
      "module": "module.kafka-infra",
      "mode": "managed",
      "type": "aws_ebs_volume",
      "name": "vol",
      "provider": "provider[\"registry.terraform.io/hashicorp/aws\"]",
      "instances": [
        {
          "index_key": 0,
          "schema_version": 0,
          "attributes": {
            "arn": "arn:aws:ec2:ap-south-1:611316314659:volume/vol-0f54c40bd3d691260",
            "availability_zone": "ap-south-1b",
            "encrypted": false,
            "final_snapshot": false,
            "id": "vol-0f54c40bd3d691260",
            "iops": 150,
            "kms_key_id": "",
            "multi_attach_enabled": false,
            "outpost_arn": "",
            "size": 50,
            "snapshot_id": "",
            "tags": {
              "KubernetesCluster": "mukta-prod",
              "Name": "kafka-infra-0"
            },
            "tags_all": {
              "KubernetesCluster": "mukta-prod",
              "Name": "kafka-infra-0"
            },
            "throughput": 0,
            "timeouts": null,
            "type": "gp2"
          },
          "sensitive_attributes": [],
          "private": "eyJlMmJmYjczMC1lY2FhLTExZTYtOGY4OC0zNDM2M2JjN2M0YzAiOnsiY3JlYXRlIjozMDAwMDAwMDAwMDAsImRlbGV0ZSI6MzAwMDAwMDAwMDAwLCJ1cGRhdGUiOjMwMDAwMDAwMDAwMH19"
        },
        {
          "index_key": 1,
          "schema_version": 0,
          "attributes": {
            "arn": "arn:aws:ec2:ap-south-1:611316314659:volume/vol-0a277b69c0614e3c0",
            "availability_zone": "ap-south-1b",
            "encrypted": false,
            "final_snapshot": false,
            "id": "vol-0a277b69c0614e3c0",
            "iops": 150,
            "kms_key_id": "",
            "multi_attach_enabled": false,
            "outpost_arn": "",
            "size": 50,
            "snapshot_id": "",
            "tags": {
              "KubernetesCluster": "mukta-prod",
              "Name": "kafka-infra-1"
            },
            "tags_all": {
              "KubernetesCluster": "mukta-prod",
              "Name": "kafka-infra-1"
            },
            "throughput": 0,
            "timeouts": null,
            "type": "gp2"
          },
          "sensitive_attributes": [],
          "private": "eyJlMmJmYjczMC1lY2FhLTExZTYtOGY4OC0zNDM2M2JjN2M0YzAiOnsiY3JlYXRlIjozMDAwMDAwMDAwMDAsImRlbGV0ZSI6MzAwMDAwMDAwMDAwLCJ1cGRhdGUiOjMwMDAwMDAwMDAwMH19"
        },
        {
          "index_key": 2,
          "schema_version": 0,
          "attributes": {
            "arn": "arn:aws:ec2:ap-south-1:611316314659:volume/vol-07f8dbd76f16091de",
            "availability_zone": "ap-south-1b",
            "encrypted": false,
            "final_snapshot": false,
            "id": "vol-07f8dbd76f16091de",
            "iops": 150,
            "kms_key_id": "",
            "multi_attach_enabled": false,
            "outpost_arn": "",
            "size": 50,
            "snapshot_id": "",
            "tags": {
              "KubernetesCluster": "mukta-prod",
              "Name": "kafka-infra-2"
            },
            "tags_all": {
              "KubernetesCluster": "mukta-prod",
              "Name": "kafka-infra-2"
            },
            "throughput": 0,
            "timeouts": null,
            "type": "gp2"
          },
          "sensitive_attributes": [],
          "private": "eyJlMmJmYjczMC1lY2FhLTExZTYtOGY4OC0zNDM2M2JjN2M0YzAiOnsiY3JlYXRlIjozMDAwMDAwMDAwMDAsImRlbGV0ZSI6MzAwMDAwMDAwMDAwLCJ1cGRhdGUiOjMwMDAwMDAwMDAwMH19"
        }
      ]
    },
    {
      "module": "module.network",
      "mode": "managed",
      "type": "aws_eip",
      "name": "eip",
      "provider": "provider[\"registry.terraform.io/hashicorp/aws\"]",
      "instances": [
        {
          "schema_version": 0,
          "attributes": {
            "address": null,
            "allocation_id": "eipalloc-06e2932bb5e0a516a",
            "associate_with_private_ip": null,
            "association_id": "eipassoc-0f6b74a19ae572df1",
            "carrier_ip": "",
            "customer_owned_ip": "",
            "customer_owned_ipv4_pool": "",
            "domain": "vpc",
            "id": "eipalloc-06e2932bb5e0a516a",
            "instance": "",
            "network_border_group": "ap-south-1",
            "network_interface": "eni-0a414c059112e2a25",
            "private_dns": "ip-192-168-1-145.ap-south-1.compute.internal",
            "private_ip": "192.168.1.145",
            "public_dns": "ec2-43-205-37-246.ap-south-1.compute.amazonaws.com",
            "public_ip": "43.205.37.246",
            "public_ipv4_pool": "amazon",
            "tags": {
              "KubernetesCluster": "mukta-prod",
              "Name": "eip-mukta-prod",
              "kubernetes.io/cluster/mukta-prod": "shared"
            },
            "tags_all": {
              "KubernetesCluster": "mukta-prod",
              "Name": "eip-mukta-prod",
              "kubernetes.io/cluster/mukta-prod": "shared"
            },
            "timeouts": null,
            "vpc": true
          },
          "sensitive_attributes": [],
          "private": "eyJlMmJmYjczMC1lY2FhLTExZTYtOGY4OC0zNDM2M2JjN2M0YzAiOnsiZGVsZXRlIjoxODAwMDAwMDAwMDAsInJlYWQiOjkwMDAwMDAwMDAwMCwidXBkYXRlIjozMDAwMDAwMDAwMDB9fQ==",
          "dependencies": [
            "module.network.aws_internet_gateway.internet_gateway",
            "module.network.aws_vpc.vpc"
          ]
        }
      ]
    },
    {
      "module": "module.network",
      "mode": "managed",
      "type": "aws_internet_gateway",
      "name": "internet_gateway",
      "provider": "provider[\"registry.terraform.io/hashicorp/aws\"]",
      "instances": [
        {
          "schema_version": 0,
          "attributes": {
            "arn": "arn:aws:ec2:ap-south-1:611316314659:internet-gateway/igw-051b2a80a555a002d",
            "id": "igw-051b2a80a555a002d",
            "owner_id": "611316314659",
            "tags": {
              "KubernetesCluster": "mukta-prod",
              "Name": "mukta-prod",
              "kubernetes.io/cluster/mukta-prod": "shared"
            },
            "tags_all": {
              "KubernetesCluster": "mukta-prod",
              "Name": "mukta-prod",
              "kubernetes.io/cluster/mukta-prod": "shared"
            },
            "timeouts": null,
            "vpc_id": "vpc-056c212de6b11b990"
          },
          "sensitive_attributes": [],
          "private": "eyJlMmJmYjczMC1lY2FhLTExZTYtOGY4OC0zNDM2M2JjN2M0YzAiOnsiY3JlYXRlIjoxMjAwMDAwMDAwMDAwLCJkZWxldGUiOjEyMDAwMDAwMDAwMDAsInVwZGF0ZSI6MTIwMDAwMDAwMDAwMH19",
          "dependencies": [
            "module.network.aws_vpc.vpc"
          ]
        }
      ]
    },
    {
      "module": "module.network",
      "mode": "managed",
      "type": "aws_nat_gateway",
      "name": "nat",
      "provider": "provider[\"registry.terraform.io/hashicorp/aws\"]",
      "instances": [
        {
          "schema_version": 0,
          "attributes": {
            "allocation_id": "eipalloc-06e2932bb5e0a516a",
            "association_id": "eipassoc-0f6b74a19ae572df1",
            "connectivity_type": "public",
            "id": "nat-073610bb24f007001",
            "network_interface_id": "eni-0a414c059112e2a25",
            "private_ip": "192.168.1.145",
            "public_ip": "43.205.37.246",
            "subnet_id": "subnet-0616bba7f62d0efcc",
            "tags": {
              "KubernetesCluster": "mukta-prod",
              "Name": "nat-gw-mukta-prod",
              "kubernetes.io/cluster/mukta-prod": "shared"
            },
            "tags_all": {
              "KubernetesCluster": "mukta-prod",
              "Name": "nat-gw-mukta-prod",
              "kubernetes.io/cluster/mukta-prod": "shared"
            }
          },
          "sensitive_attributes": [],
          "private": "bnVsbA==",
          "dependencies": [
            "module.network.aws_eip.eip",
            "module.network.aws_internet_gateway.internet_gateway",
            "module.network.aws_subnet.public_subnet",
            "module.network.aws_vpc.vpc"
          ]
        }
      ]
    },
    {
      "module": "module.network",
      "mode": "managed",
      "type": "aws_route_table",
      "name": "private_route_table",
      "provider": "provider[\"registry.terraform.io/hashicorp/aws\"]",
      "instances": [
        {
          "schema_version": 0,
          "attributes": {
            "arn": "arn:aws:ec2:ap-south-1:611316314659:route-table/rtb-0c12a6ca5887c0c32",
            "id": "rtb-0c12a6ca5887c0c32",
            "owner_id": "611316314659",
            "propagating_vgws": [],
            "route": [
              {
                "carrier_gateway_id": "",
                "cidr_block": "0.0.0.0/0",
                "core_network_arn": "",
                "destination_prefix_list_id": "",
                "egress_only_gateway_id": "",
                "gateway_id": "",
                "instance_id": "",
                "ipv6_cidr_block": "",
                "local_gateway_id": "",
                "nat_gateway_id": "nat-073610bb24f007001",
                "network_interface_id": "",
                "transit_gateway_id": "",
                "vpc_endpoint_id": "",
                "vpc_peering_connection_id": ""
              }
            ],
            "tags": {
              "KubernetesCluster": "mukta-prod",
              "Name": "private-mukta-prod-rtb",
              "kubernetes.io/cluster/mukta-prod": "shared"
            },
            "tags_all": {
              "KubernetesCluster": "mukta-prod",
              "Name": "private-mukta-prod-rtb",
              "kubernetes.io/cluster/mukta-prod": "shared"
            },
            "timeouts": null,
            "vpc_id": "vpc-056c212de6b11b990"
          },
          "sensitive_attributes": [],
          "private": "eyJlMmJmYjczMC1lY2FhLTExZTYtOGY4OC0zNDM2M2JjN2M0YzAiOnsiY3JlYXRlIjozMDAwMDAwMDAwMDAsImRlbGV0ZSI6MzAwMDAwMDAwMDAwLCJ1cGRhdGUiOjEyMDAwMDAwMDAwMH19",
          "dependencies": [
            "module.network.aws_eip.eip",
            "module.network.aws_internet_gateway.internet_gateway",
            "module.network.aws_nat_gateway.nat",
            "module.network.aws_subnet.public_subnet",
            "module.network.aws_vpc.vpc"
          ]
        }
      ]
    },
    {
      "module": "module.network",
      "mode": "managed",
      "type": "aws_route_table",
      "name": "public_route_table",
      "provider": "provider[\"registry.terraform.io/hashicorp/aws\"]",
      "instances": [
        {
          "schema_version": 0,
          "attributes": {
            "arn": "arn:aws:ec2:ap-south-1:611316314659:route-table/rtb-0bd341e850ed260b1",
            "id": "rtb-0bd341e850ed260b1",
            "owner_id": "611316314659",
            "propagating_vgws": [],
            "route": [
              {
                "carrier_gateway_id": "",
                "cidr_block": "0.0.0.0/0",
                "core_network_arn": "",
                "destination_prefix_list_id": "",
                "egress_only_gateway_id": "",
                "gateway_id": "igw-051b2a80a555a002d",
                "instance_id": "",
                "ipv6_cidr_block": "",
                "local_gateway_id": "",
                "nat_gateway_id": "",
                "network_interface_id": "",
                "transit_gateway_id": "",
                "vpc_endpoint_id": "",
                "vpc_peering_connection_id": ""
              }
            ],
            "tags": {
              "KubernetesCluster": "mukta-prod",
              "Name": "public-mukta-prod-rtb",
              "kubernetes.io/cluster/mukta-prod": "shared"
            },
            "tags_all": {
              "KubernetesCluster": "mukta-prod",
              "Name": "public-mukta-prod-rtb",
              "kubernetes.io/cluster/mukta-prod": "shared"
            },
            "timeouts": null,
            "vpc_id": "vpc-056c212de6b11b990"
          },
          "sensitive_attributes": [],
          "private": "eyJlMmJmYjczMC1lY2FhLTExZTYtOGY4OC0zNDM2M2JjN2M0YzAiOnsiY3JlYXRlIjozMDAwMDAwMDAwMDAsImRlbGV0ZSI6MzAwMDAwMDAwMDAwLCJ1cGRhdGUiOjEyMDAwMDAwMDAwMH19",
          "dependencies": [
            "module.network.aws_internet_gateway.internet_gateway",
            "module.network.aws_vpc.vpc"
          ]
        }
      ]
    },
    {
      "module": "module.network",
      "mode": "managed",
      "type": "aws_route_table_association",
      "name": "private",
      "provider": "provider[\"registry.terraform.io/hashicorp/aws\"]",
      "instances": [
        {
          "index_key": 0,
          "schema_version": 0,
          "attributes": {
            "gateway_id": "",
            "id": "rtbassoc-0c5185bc5bd05a8ff",
            "route_table_id": "rtb-0c12a6ca5887c0c32",
            "subnet_id": "subnet-0d7a256db7af02bc4",
            "timeouts": null
          },
          "sensitive_attributes": [],
          "private": "eyJlMmJmYjczMC1lY2FhLTExZTYtOGY4OC0zNDM2M2JjN2M0YzAiOnsiY3JlYXRlIjozMDAwMDAwMDAwMDAsImRlbGV0ZSI6MzAwMDAwMDAwMDAwLCJ1cGRhdGUiOjEyMDAwMDAwMDAwMH19",
          "dependencies": [
            "module.network.aws_eip.eip",
            "module.network.aws_internet_gateway.internet_gateway",
            "module.network.aws_nat_gateway.nat",
            "module.network.aws_route_table.private_route_table",
            "module.network.aws_subnet.private_subnet",
            "module.network.aws_subnet.public_subnet",
            "module.network.aws_vpc.vpc"
          ]
        },
        {
          "index_key": 1,
          "schema_version": 0,
          "attributes": {
            "gateway_id": "",
            "id": "rtbassoc-0cc9f4101d48dca55",
            "route_table_id": "rtb-0c12a6ca5887c0c32",
            "subnet_id": "subnet-09f84e5c8a3444a51",
            "timeouts": null
          },
          "sensitive_attributes": [],
          "private": "eyJlMmJmYjczMC1lY2FhLTExZTYtOGY4OC0zNDM2M2JjN2M0YzAiOnsiY3JlYXRlIjozMDAwMDAwMDAwMDAsImRlbGV0ZSI6MzAwMDAwMDAwMDAwLCJ1cGRhdGUiOjEyMDAwMDAwMDAwMH19",
          "dependencies": [
            "module.network.aws_eip.eip",
            "module.network.aws_internet_gateway.internet_gateway",
            "module.network.aws_nat_gateway.nat",
            "module.network.aws_route_table.private_route_table",
            "module.network.aws_subnet.private_subnet",
            "module.network.aws_subnet.public_subnet",
            "module.network.aws_vpc.vpc"
          ]
        }
      ]
    },
    {
      "module": "module.network",
      "mode": "managed",
      "type": "aws_route_table_association",
      "name": "public",
      "provider": "provider[\"registry.terraform.io/hashicorp/aws\"]",
      "instances": [
        {
          "index_key": 0,
          "schema_version": 0,
          "attributes": {
            "gateway_id": "",
            "id": "rtbassoc-031e739032408f3af",
            "route_table_id": "rtb-0bd341e850ed260b1",
            "subnet_id": "subnet-0616bba7f62d0efcc",
            "timeouts": null
          },
          "sensitive_attributes": [],
          "private": "eyJlMmJmYjczMC1lY2FhLTExZTYtOGY4OC0zNDM2M2JjN2M0YzAiOnsiY3JlYXRlIjozMDAwMDAwMDAwMDAsImRlbGV0ZSI6MzAwMDAwMDAwMDAwLCJ1cGRhdGUiOjEyMDAwMDAwMDAwMH19",
          "dependencies": [
            "module.network.aws_internet_gateway.internet_gateway",
            "module.network.aws_route_table.public_route_table",
            "module.network.aws_subnet.public_subnet",
            "module.network.aws_vpc.vpc"
          ]
        },
        {
          "index_key": 1,
          "schema_version": 0,
          "attributes": {
            "gateway_id": "",
            "id": "rtbassoc-04f3217c45bb4e24f",
            "route_table_id": "rtb-0bd341e850ed260b1",
            "subnet_id": "subnet-09ed2b055f1b1e1cd",
            "timeouts": null
          },
          "sensitive_attributes": [],
          "private": "eyJlMmJmYjczMC1lY2FhLTExZTYtOGY4OC0zNDM2M2JjN2M0YzAiOnsiY3JlYXRlIjozMDAwMDAwMDAwMDAsImRlbGV0ZSI6MzAwMDAwMDAwMDAwLCJ1cGRhdGUiOjEyMDAwMDAwMDAwMH19",
          "dependencies": [
            "module.network.aws_internet_gateway.internet_gateway",
            "module.network.aws_route_table.public_route_table",
            "module.network.aws_subnet.public_subnet",
            "module.network.aws_vpc.vpc"
          ]
        }
      ]
    },
    {
      "module": "module.network",
      "mode": "managed",
      "type": "aws_security_group",
      "name": "master_nodes_sg",
      "provider": "provider[\"registry.terraform.io/hashicorp/aws\"]",
      "instances": [
        {
          "schema_version": 1,
          "attributes": {
            "arn": "arn:aws:ec2:ap-south-1:611316314659:security-group/sg-0e92895329dace2a1",
            "description": "Master nodes security group",
            "egress": [
              {
                "cidr_blocks": [],
                "description": "Allow outbound traffic to worker nodes",
                "from_port": 10250,
                "ipv6_cidr_blocks": [],
                "prefix_list_ids": [],
                "protocol": "tcp",
                "security_groups": [
                  "sg-0a76530bbf13b6c5d"
                ],
                "self": false,
                "to_port": 65535
              }
            ],
            "id": "sg-0e92895329dace2a1",
            "ingress": [
              {
                "cidr_blocks": [],
                "description": "Allow worker nodes to communicate with cluster API server",
                "from_port": 443,
                "ipv6_cidr_blocks": [],
                "prefix_list_ids": [],
                "protocol": "tcp",
                "security_groups": [
                  "sg-0a76530bbf13b6c5d"
                ],
                "self": false,
                "to_port": 443
              }
            ],
            "name": "masters-mukta-prod",
            "name_prefix": "",
            "owner_id": "611316314659",
            "revoke_rules_on_delete": false,
            "tags": {
              "KubernetesCluster": "mukta-prod",
              "Name": "masters-mukta-prod",
              "kubernetes.io/cluster/mukta-prod": "shared"
            },
            "tags_all": {
              "KubernetesCluster": "mukta-prod",
              "Name": "masters-mukta-prod",
              "kubernetes.io/cluster/mukta-prod": "shared"
            },
            "timeouts": null,
            "vpc_id": "vpc-056c212de6b11b990"
          },
          "sensitive_attributes": [],
          "private": "eyJlMmJmYjczMC1lY2FhLTExZTYtOGY4OC0zNDM2M2JjN2M0YzAiOnsiY3JlYXRlIjo2MDAwMDAwMDAwMDAsImRlbGV0ZSI6OTAwMDAwMDAwMDAwfSwic2NoZW1hX3ZlcnNpb24iOiIxIn0=",
          "dependencies": [
            "module.network.aws_vpc.vpc"
          ]
        }
      ]
    },
    {
      "module": "module.network",
      "mode": "managed",
      "type": "aws_security_group",
      "name": "rds_db_sg",
      "provider": "provider[\"registry.terraform.io/hashicorp/aws\"]",
      "instances": [
        {
          "schema_version": 1,
          "attributes": {
            "arn": "arn:aws:ec2:ap-south-1:611316314659:security-group/sg-02ea47c660ff72c62",
            "description": "RDS Database security group",
            "egress": [],
            "id": "sg-02ea47c660ff72c62",
            "ingress": [
              {
                "cidr_blocks": [],
                "description": "Allow worker nodes to communicate with RDS database",
                "from_port": 5432,
                "ipv6_cidr_blocks": [],
                "prefix_list_ids": [],
                "protocol": "tcp",
                "security_groups": [
                  "sg-04ba378b8a5dc1c9a",
                  "sg-0a76530bbf13b6c5d"
                ],
                "self": false,
                "to_port": 5432
              }
            ],
            "name": "db-mukta-prod",
            "name_prefix": "",
            "owner_id": "611316314659",
            "revoke_rules_on_delete": false,
            "tags": {
              "Name": "db-mukta-prod"
            },
            "tags_all": {
              "Name": "db-mukta-prod"
            },
            "timeouts": null,
            "vpc_id": "vpc-056c212de6b11b990"
          },
          "sensitive_attributes": [],
          "private": "eyJlMmJmYjczMC1lY2FhLTExZTYtOGY4OC0zNDM2M2JjN2M0YzAiOnsiY3JlYXRlIjo2MDAwMDAwMDAwMDAsImRlbGV0ZSI6OTAwMDAwMDAwMDAwfSwic2NoZW1hX3ZlcnNpb24iOiIxIn0=",
          "dependencies": [
            "module.network.aws_vpc.vpc"
          ]
        }
      ]
    },
    {
      "module": "module.network",
      "mode": "managed",
      "type": "aws_security_group",
      "name": "worker_nodes_sg",
      "provider": "provider[\"registry.terraform.io/hashicorp/aws\"]",
      "instances": [
        {
          "schema_version": 1,
          "attributes": {
            "arn": "arn:aws:ec2:ap-south-1:611316314659:security-group/sg-0a76530bbf13b6c5d",
            "description": "Security group for all worker nodes in the cluster",
            "egress": [
              {
                "cidr_blocks": [
                  "0.0.0.0/0"
                ],
                "description": "",
                "from_port": 0,
                "ipv6_cidr_blocks": [],
                "prefix_list_ids": [],
                "protocol": "-1",
                "security_groups": [],
                "self": false,
                "to_port": 0
              }
            ],
            "id": "sg-0a76530bbf13b6c5d",
            "ingress": [
              {
                "cidr_blocks": [],
                "description": "Allow node to communicate with each other",
                "from_port": 0,
                "ipv6_cidr_blocks": [],
                "prefix_list_ids": [],
                "protocol": "-1",
                "security_groups": [],
                "self": true,
                "to_port": 0
              },
              {
                "cidr_blocks": [],
                "description": "Allow worker Kubelets and pods to receive communication from the cluster control plane",
                "from_port": 1025,
                "ipv6_cidr_blocks": [],
                "prefix_list_ids": [],
                "protocol": "tcp",
                "security_groups": [
                  "sg-0e92895329dace2a1"
                ],
                "self": false,
                "to_port": 65535
              }
            ],
            "name": "nodes-mukta-prod",
            "name_prefix": "",
            "owner_id": "611316314659",
            "revoke_rules_on_delete": false,
            "tags": {},
            "tags_all": {},
            "timeouts": null,
            "vpc_id": "vpc-056c212de6b11b990"
          },
          "sensitive_attributes": [],
          "private": "eyJlMmJmYjczMC1lY2FhLTExZTYtOGY4OC0zNDM2M2JjN2M0YzAiOnsiY3JlYXRlIjo2MDAwMDAwMDAwMDAsImRlbGV0ZSI6OTAwMDAwMDAwMDAwfSwic2NoZW1hX3ZlcnNpb24iOiIxIn0=",
          "dependencies": [
            "module.network.aws_vpc.vpc"
          ]
        }
      ]
    },
    {
      "module": "module.network",
      "mode": "managed",
      "type": "aws_security_group_rule",
      "name": "master_nodes_egress_workers",
      "provider": "provider[\"registry.terraform.io/hashicorp/aws\"]",
      "instances": [
        {
          "schema_version": 2,
          "attributes": {
            "cidr_blocks": null,
            "description": "Allow outbound traffic to worker nodes",
            "from_port": 10250,
            "id": "sgrule-427857603",
            "ipv6_cidr_blocks": null,
            "prefix_list_ids": null,
            "protocol": "tcp",
            "security_group_id": "sg-0e92895329dace2a1",
            "security_group_rule_id": "sgr-0791ff978a0d5f52f",
            "self": false,
            "source_security_group_id": "sg-0a76530bbf13b6c5d",
            "timeouts": null,
            "to_port": 65535,
            "type": "egress"
          },
          "sensitive_attributes": [],
          "private": "eyJlMmJmYjczMC1lY2FhLTExZTYtOGY4OC0zNDM2M2JjN2M0YzAiOnsiY3JlYXRlIjozMDAwMDAwMDAwMDB9LCJzY2hlbWFfdmVyc2lvbiI6IjIifQ==",
          "dependencies": [
            "module.network.aws_security_group.master_nodes_sg",
            "module.network.aws_security_group.worker_nodes_sg",
            "module.network.aws_vpc.vpc"
          ]
        }
      ]
    },
    {
      "module": "module.network",
      "mode": "managed",
      "type": "aws_security_group_rule",
      "name": "master_nodes_ingress_workers",
      "provider": "provider[\"registry.terraform.io/hashicorp/aws\"]",
      "instances": [
        {
          "schema_version": 2,
          "attributes": {
            "cidr_blocks": null,
            "description": "Allow worker nodes to communicate with cluster API server",
            "from_port": 443,
            "id": "sgrule-1913259515",
            "ipv6_cidr_blocks": null,
            "prefix_list_ids": null,
            "protocol": "tcp",
            "security_group_id": "sg-0e92895329dace2a1",
            "security_group_rule_id": "sgr-07ba86bd5820a5a25",
            "self": false,
            "source_security_group_id": "sg-0a76530bbf13b6c5d",
            "timeouts": null,
            "to_port": 443,
            "type": "ingress"
          },
          "sensitive_attributes": [],
          "private": "eyJlMmJmYjczMC1lY2FhLTExZTYtOGY4OC0zNDM2M2JjN2M0YzAiOnsiY3JlYXRlIjozMDAwMDAwMDAwMDB9LCJzY2hlbWFfdmVyc2lvbiI6IjIifQ==",
          "dependencies": [
            "module.network.aws_security_group.master_nodes_sg",
            "module.network.aws_security_group.worker_nodes_sg",
            "module.network.aws_vpc.vpc"
          ]
        }
      ]
    },
    {
      "module": "module.network",
      "mode": "managed",
      "type": "aws_security_group_rule",
      "name": "rds_db_ingress_workers",
      "provider": "provider[\"registry.terraform.io/hashicorp/aws\"]",
      "instances": [
        {
          "schema_version": 2,
          "attributes": {
            "cidr_blocks": null,
            "description": "Allow worker nodes to communicate with RDS database",
            "from_port": 5432,
            "id": "sgrule-3982115037",
            "ipv6_cidr_blocks": null,
            "prefix_list_ids": null,
            "protocol": "tcp",
            "security_group_id": "sg-02ea47c660ff72c62",
            "security_group_rule_id": "sgr-0629fc2f9edf4eed2",
            "self": false,
            "source_security_group_id": "sg-0a76530bbf13b6c5d",
            "timeouts": null,
            "to_port": 5432,
            "type": "ingress"
          },
          "sensitive_attributes": [],
          "private": "eyJlMmJmYjczMC1lY2FhLTExZTYtOGY4OC0zNDM2M2JjN2M0YzAiOnsiY3JlYXRlIjozMDAwMDAwMDAwMDB9LCJzY2hlbWFfdmVyc2lvbiI6IjIifQ==",
          "dependencies": [
            "module.network.aws_security_group.rds_db_sg",
            "module.network.aws_security_group.worker_nodes_sg",
            "module.network.aws_vpc.vpc"
          ]
        }
      ]
    },
    {
      "module": "module.network",
      "mode": "managed",
      "type": "aws_security_group_rule",
      "name": "worker_nodes_ingress_cluster",
      "provider": "provider[\"registry.terraform.io/hashicorp/aws\"]",
      "instances": [
        {
          "schema_version": 2,
          "attributes": {
            "cidr_blocks": null,
            "description": "Allow worker Kubelets and pods to receive communication from the cluster control plane",
            "from_port": 1025,
            "id": "sgrule-1217982472",
            "ipv6_cidr_blocks": null,
            "prefix_list_ids": null,
            "protocol": "tcp",
            "security_group_id": "sg-0a76530bbf13b6c5d",
            "security_group_rule_id": "sgr-0fd3cac3bdb2a4ea4",
            "self": false,
            "source_security_group_id": "sg-0e92895329dace2a1",
            "timeouts": null,
            "to_port": 65535,
            "type": "ingress"
          },
          "sensitive_attributes": [],
          "private": "eyJlMmJmYjczMC1lY2FhLTExZTYtOGY4OC0zNDM2M2JjN2M0YzAiOnsiY3JlYXRlIjozMDAwMDAwMDAwMDB9LCJzY2hlbWFfdmVyc2lvbiI6IjIifQ==",
          "dependencies": [
            "module.network.aws_security_group.master_nodes_sg",
            "module.network.aws_security_group.worker_nodes_sg",
            "module.network.aws_vpc.vpc"
          ]
        }
      ]
    },
    {
      "module": "module.network",
      "mode": "managed",
      "type": "aws_security_group_rule",
      "name": "worker_nodes_ingress_self",
      "provider": "provider[\"registry.terraform.io/hashicorp/aws\"]",
      "instances": [
        {
          "schema_version": 2,
          "attributes": {
            "cidr_blocks": null,
            "description": "Allow node to communicate with each other",
            "from_port": 0,
            "id": "sgrule-900472692",
            "ipv6_cidr_blocks": null,
            "prefix_list_ids": null,
            "protocol": "-1",
            "security_group_id": "sg-0a76530bbf13b6c5d",
            "security_group_rule_id": "sgr-04ad08c8a4df18719",
            "self": false,
            "source_security_group_id": "sg-0a76530bbf13b6c5d",
            "timeouts": null,
            "to_port": 0,
            "type": "ingress"
          },
          "sensitive_attributes": [],
          "private": "eyJlMmJmYjczMC1lY2FhLTExZTYtOGY4OC0zNDM2M2JjN2M0YzAiOnsiY3JlYXRlIjozMDAwMDAwMDAwMDB9LCJzY2hlbWFfdmVyc2lvbiI6IjIifQ==",
          "dependencies": [
            "module.network.aws_security_group.worker_nodes_sg",
            "module.network.aws_vpc.vpc"
          ]
        }
      ]
    },
    {
      "module": "module.network",
      "mode": "managed",
      "type": "aws_subnet",
      "name": "private_subnet",
      "provider": "provider[\"registry.terraform.io/hashicorp/aws\"]",
      "instances": [
        {
          "index_key": 0,
          "schema_version": 1,
          "attributes": {
            "arn": "arn:aws:ec2:ap-south-1:611316314659:subnet/subnet-0d7a256db7af02bc4",
            "assign_ipv6_address_on_creation": false,
            "availability_zone": "ap-south-1b",
            "availability_zone_id": "aps1-az3",
            "cidr_block": "192.168.64.0/19",
            "customer_owned_ipv4_pool": "",
            "enable_dns64": false,
            "enable_lni_at_device_index": 0,
            "enable_resource_name_dns_a_record_on_launch": false,
            "enable_resource_name_dns_aaaa_record_on_launch": false,
            "id": "subnet-0d7a256db7af02bc4",
            "ipv6_cidr_block": "",
            "ipv6_cidr_block_association_id": "",
            "ipv6_native": false,
            "map_customer_owned_ip_on_launch": false,
            "map_public_ip_on_launch": false,
            "outpost_arn": "",
            "owner_id": "611316314659",
            "private_dns_hostname_type_on_launch": "ip-name",
            "tags": {
              "KubernetesCluster": "mukta-prod",
              "Name": "ap-south-1b-mukta-prod",
              "SubnetType": "Private",
              "kubernetes.io/cluster/mukta-prod": "shared",
              "kubernetes.io/role/internal-elb": "1"
            },
            "tags_all": {
              "KubernetesCluster": "mukta-prod",
              "Name": "ap-south-1b-mukta-prod",
              "SubnetType": "Private",
              "kubernetes.io/cluster/mukta-prod": "shared",
              "kubernetes.io/role/internal-elb": "1"
            },
            "timeouts": null,
            "vpc_id": "vpc-056c212de6b11b990"
          },
          "sensitive_attributes": [],
          "private": "eyJlMmJmYjczMC1lY2FhLTExZTYtOGY4OC0zNDM2M2JjN2M0YzAiOnsiY3JlYXRlIjo2MDAwMDAwMDAwMDAsImRlbGV0ZSI6MTIwMDAwMDAwMDAwMH0sInNjaGVtYV92ZXJzaW9uIjoiMSJ9",
          "dependencies": [
            "module.network.aws_vpc.vpc"
          ],
          "create_before_destroy": true
        },
        {
          "index_key": 1,
          "schema_version": 1,
          "attributes": {
            "arn": "arn:aws:ec2:ap-south-1:611316314659:subnet/subnet-09f84e5c8a3444a51",
            "assign_ipv6_address_on_creation": false,
            "availability_zone": "ap-south-1a",
            "availability_zone_id": "aps1-az1",
            "cidr_block": "192.168.96.0/19",
            "customer_owned_ipv4_pool": "",
            "enable_dns64": false,
            "enable_lni_at_device_index": 0,
            "enable_resource_name_dns_a_record_on_launch": false,
            "enable_resource_name_dns_aaaa_record_on_launch": false,
            "id": "subnet-09f84e5c8a3444a51",
            "ipv6_cidr_block": "",
            "ipv6_cidr_block_association_id": "",
            "ipv6_native": false,
            "map_customer_owned_ip_on_launch": false,
            "map_public_ip_on_launch": false,
            "outpost_arn": "",
            "owner_id": "611316314659",
            "private_dns_hostname_type_on_launch": "ip-name",
            "tags": {
              "KubernetesCluster": "mukta-prod",
              "Name": "ap-south-1a-mukta-prod",
              "SubnetType": "Private",
              "kubernetes.io/cluster/mukta-prod": "shared",
              "kubernetes.io/role/internal-elb": "1"
            },
            "tags_all": {
              "KubernetesCluster": "mukta-prod",
              "Name": "ap-south-1a-mukta-prod",
              "SubnetType": "Private",
              "kubernetes.io/cluster/mukta-prod": "shared",
              "kubernetes.io/role/internal-elb": "1"
            },
            "timeouts": null,
            "vpc_id": "vpc-056c212de6b11b990"
          },
          "sensitive_attributes": [],
          "private": "eyJlMmJmYjczMC1lY2FhLTExZTYtOGY4OC0zNDM2M2JjN2M0YzAiOnsiY3JlYXRlIjo2MDAwMDAwMDAwMDAsImRlbGV0ZSI6MTIwMDAwMDAwMDAwMH0sInNjaGVtYV92ZXJzaW9uIjoiMSJ9",
          "dependencies": [
            "module.network.aws_vpc.vpc"
          ],
          "create_before_destroy": true
        }
      ]
    },
    {
      "module": "module.network",
      "mode": "managed",
      "type": "aws_subnet",
      "name": "public_subnet",
      "provider": "provider[\"registry.terraform.io/hashicorp/aws\"]",
      "instances": [
        {
          "index_key": 0,
          "schema_version": 1,
          "attributes": {
            "arn": "arn:aws:ec2:ap-south-1:611316314659:subnet/subnet-0616bba7f62d0efcc",
            "assign_ipv6_address_on_creation": false,
            "availability_zone": "ap-south-1b",
            "availability_zone_id": "aps1-az3",
            "cidr_block": "192.168.0.0/21",
            "customer_owned_ipv4_pool": "",
            "enable_dns64": false,
            "enable_lni_at_device_index": 0,
            "enable_resource_name_dns_a_record_on_launch": false,
            "enable_resource_name_dns_aaaa_record_on_launch": false,
            "id": "subnet-0616bba7f62d0efcc",
            "ipv6_cidr_block": "",
            "ipv6_cidr_block_association_id": "",
            "ipv6_native": false,
            "map_customer_owned_ip_on_launch": false,
            "map_public_ip_on_launch": false,
            "outpost_arn": "",
            "owner_id": "611316314659",
            "private_dns_hostname_type_on_launch": "ip-name",
            "tags": {
              "KubernetesCluster": "mukta-prod",
              "Name": "utility-ap-south-1b-mukta-prod",
              "SubnetType": "Utility",
              "kubernetes.io/cluster/mukta-prod": "shared",
              "kubernetes.io/role/elb": "1"
            },
            "tags_all": {
              "KubernetesCluster": "mukta-prod",
              "Name": "utility-ap-south-1b-mukta-prod",
              "SubnetType": "Utility",
              "kubernetes.io/cluster/mukta-prod": "shared",
              "kubernetes.io/role/elb": "1"
            },
            "timeouts": null,
            "vpc_id": "vpc-056c212de6b11b990"
          },
          "sensitive_attributes": [],
          "private": "eyJlMmJmYjczMC1lY2FhLTExZTYtOGY4OC0zNDM2M2JjN2M0YzAiOnsiY3JlYXRlIjo2MDAwMDAwMDAwMDAsImRlbGV0ZSI6MTIwMDAwMDAwMDAwMH0sInNjaGVtYV92ZXJzaW9uIjoiMSJ9",
          "dependencies": [
            "module.network.aws_vpc.vpc"
          ],
          "create_before_destroy": true
        },
        {
          "index_key": 1,
          "schema_version": 1,
          "attributes": {
            "arn": "arn:aws:ec2:ap-south-1:611316314659:subnet/subnet-09ed2b055f1b1e1cd",
            "assign_ipv6_address_on_creation": false,
            "availability_zone": "ap-south-1a",
            "availability_zone_id": "aps1-az1",
            "cidr_block": "192.168.8.0/21",
            "customer_owned_ipv4_pool": "",
            "enable_dns64": false,
            "enable_lni_at_device_index": 0,
            "enable_resource_name_dns_a_record_on_launch": false,
            "enable_resource_name_dns_aaaa_record_on_launch": false,
            "id": "subnet-09ed2b055f1b1e1cd",
            "ipv6_cidr_block": "",
            "ipv6_cidr_block_association_id": "",
            "ipv6_native": false,
            "map_customer_owned_ip_on_launch": false,
            "map_public_ip_on_launch": false,
            "outpost_arn": "",
            "owner_id": "611316314659",
            "private_dns_hostname_type_on_launch": "ip-name",
            "tags": {
              "KubernetesCluster": "mukta-prod",
              "Name": "utility-ap-south-1a-mukta-prod",
              "SubnetType": "Utility",
              "kubernetes.io/cluster/mukta-prod": "shared",
              "kubernetes.io/role/elb": "1"
            },
            "tags_all": {
              "KubernetesCluster": "mukta-prod",
              "Name": "utility-ap-south-1a-mukta-prod",
              "SubnetType": "Utility",
              "kubernetes.io/cluster/mukta-prod": "shared",
              "kubernetes.io/role/elb": "1"
            },
            "timeouts": null,
            "vpc_id": "vpc-056c212de6b11b990"
          },
          "sensitive_attributes": [],
          "private": "eyJlMmJmYjczMC1lY2FhLTExZTYtOGY4OC0zNDM2M2JjN2M0YzAiOnsiY3JlYXRlIjo2MDAwMDAwMDAwMDAsImRlbGV0ZSI6MTIwMDAwMDAwMDAwMH0sInNjaGVtYV92ZXJzaW9uIjoiMSJ9",
          "dependencies": [
            "module.network.aws_vpc.vpc"
          ],
          "create_before_destroy": true
        }
      ]
    },
    {
      "module": "module.network",
      "mode": "managed",
      "type": "aws_vpc",
      "name": "vpc",
      "provider": "provider[\"registry.terraform.io/hashicorp/aws\"]",
      "instances": [
        {
          "schema_version": 1,
          "attributes": {
            "arn": "arn:aws:ec2:ap-south-1:611316314659:vpc/vpc-056c212de6b11b990",
            "assign_generated_ipv6_cidr_block": false,
            "cidr_block": "192.168.0.0/16",
            "default_network_acl_id": "acl-016452f6f0a16f6a8",
            "default_route_table_id": "rtb-06242a9504eb5a83b",
            "default_security_group_id": "sg-0bc87e733d7d7f3da",
            "dhcp_options_id": "dopt-0c2645b43ce7760bf",
            "enable_classiclink": false,
            "enable_classiclink_dns_support": false,
            "enable_dns_hostnames": true,
            "enable_dns_support": true,
            "enable_network_address_usage_metrics": false,
            "id": "vpc-056c212de6b11b990",
            "instance_tenancy": "default",
            "ipv4_ipam_pool_id": null,
            "ipv4_netmask_length": null,
            "ipv6_association_id": "",
            "ipv6_cidr_block": "",
            "ipv6_cidr_block_network_border_group": "",
            "ipv6_ipam_pool_id": "",
            "ipv6_netmask_length": 0,
            "main_route_table_id": "rtb-06242a9504eb5a83b",
            "owner_id": "611316314659",
            "tags": {
              "Name": "mukta-prod",
              "kubernetes.io/cluster/mukta-prod": "shared"
            },
            "tags_all": {
              "Name": "mukta-prod",
              "kubernetes.io/cluster/mukta-prod": "shared"
            }
          },
          "sensitive_attributes": [],
          "private": "eyJzY2hlbWFfdmVyc2lvbiI6IjEifQ==",
          "create_before_destroy": true
        }
      ]
    },
    {
      "module": "module.zookeeper",
      "mode": "managed",
      "type": "aws_ebs_volume",
      "name": "vol",
      "provider": "provider[\"registry.terraform.io/hashicorp/aws\"]",
      "instances": [
        {
          "index_key": 0,
          "schema_version": 0,
          "attributes": {
            "arn": "arn:aws:ec2:ap-south-1:611316314659:volume/vol-0de0c3c8eac8f125c",
            "availability_zone": "ap-south-1b",
            "encrypted": false,
            "final_snapshot": false,
            "id": "vol-0de0c3c8eac8f125c",
            "iops": 100,
            "kms_key_id": "",
            "multi_attach_enabled": false,
            "outpost_arn": "",
            "size": 2,
            "snapshot_id": "",
            "tags": {
              "KubernetesCluster": "mukta-prod",
              "Name": "zookeeper-0"
            },
            "tags_all": {
              "KubernetesCluster": "mukta-prod",
              "Name": "zookeeper-0"
            },
            "throughput": 0,
            "timeouts": null,
            "type": "gp2"
          },
          "sensitive_attributes": [],
          "private": "eyJlMmJmYjczMC1lY2FhLTExZTYtOGY4OC0zNDM2M2JjN2M0YzAiOnsiY3JlYXRlIjozMDAwMDAwMDAwMDAsImRlbGV0ZSI6MzAwMDAwMDAwMDAwLCJ1cGRhdGUiOjMwMDAwMDAwMDAwMH19"
        },
        {
          "index_key": 1,
          "schema_version": 0,
          "attributes": {
            "arn": "arn:aws:ec2:ap-south-1:611316314659:volume/vol-0f7d8ba108c7a6da6",
            "availability_zone": "ap-south-1b",
            "encrypted": false,
            "final_snapshot": false,
            "id": "vol-0f7d8ba108c7a6da6",
            "iops": 100,
            "kms_key_id": "",
            "multi_attach_enabled": false,
            "outpost_arn": "",
            "size": 2,
            "snapshot_id": "",
            "tags": {
              "KubernetesCluster": "mukta-prod",
              "Name": "zookeeper-1"
            },
            "tags_all": {
              "KubernetesCluster": "mukta-prod",
              "Name": "zookeeper-1"
            },
            "throughput": 0,
            "timeouts": null,
            "type": "gp2"
          },
          "sensitive_attributes": [],
          "private": "eyJlMmJmYjczMC1lY2FhLTExZTYtOGY4OC0zNDM2M2JjN2M0YzAiOnsiY3JlYXRlIjozMDAwMDAwMDAwMDAsImRlbGV0ZSI6MzAwMDAwMDAwMDAwLCJ1cGRhdGUiOjMwMDAwMDAwMDAwMH19"
        },
        {
          "index_key": 2,
          "schema_version": 0,
          "attributes": {
            "arn": "arn:aws:ec2:ap-south-1:611316314659:volume/vol-0f65f11c53521f38a",
            "availability_zone": "ap-south-1b",
            "encrypted": false,
            "final_snapshot": false,
            "id": "vol-0f65f11c53521f38a",
            "iops": 100,
            "kms_key_id": "",
            "multi_attach_enabled": false,
            "outpost_arn": "",
            "size": 2,
            "snapshot_id": "",
            "tags": {
              "KubernetesCluster": "mukta-prod",
              "Name": "zookeeper-2"
            },
            "tags_all": {
              "KubernetesCluster": "mukta-prod",
              "Name": "zookeeper-2"
            },
            "throughput": 0,
            "timeouts": null,
            "type": "gp2"
          },
          "sensitive_attributes": [],
          "private": "eyJlMmJmYjczMC1lY2FhLTExZTYtOGY4OC0zNDM2M2JjN2M0YzAiOnsiY3JlYXRlIjozMDAwMDAwMDAwMDAsImRlbGV0ZSI6MzAwMDAwMDAwMDAwLCJ1cGRhdGUiOjMwMDAwMDAwMDAwMH19"
        }
      ]
    }
  ],
  "check_results": null
}
